// !$*UTF8*$!
{
	archiveVersion = 1;
	classes = {
	};
	objectVersion = 46;
	objects = {

/* Begin PBXBuildFile section */
		B12BEA0D151089FE006B2592 /* libxml2.dylib in Frameworks */ = {isa = PBXBuildFile; fileRef = B1E6CBC4151084F000B5856B /* libxml2.dylib */; };
		B12BEA0E15108A06006B2592 /* libxml2.dylib in Frameworks */ = {isa = PBXBuildFile; fileRef = B1E6CBC4151084F000B5856B /* libxml2.dylib */; };
		B12BEA1015108A61006B2592 /* CoreData.framework in Frameworks */ = {isa = PBXBuildFile; fileRef = B12BEA0F15108A61006B2592 /* CoreData.framework */; };
		B12BEA1115108A68006B2592 /* CoreData.framework in Frameworks */ = {isa = PBXBuildFile; fileRef = B12BEA0F15108A61006B2592 /* CoreData.framework */; };
		B1A89BCD150E2E5D0068BD8C /* CFNetwork.framework in Frameworks */ = {isa = PBXBuildFile; fileRef = B1CCF797150BDEE000007A33 /* CFNetwork.framework */; };
		B1A89BCF150E2E680068BD8C /* libz.dylib in Frameworks */ = {isa = PBXBuildFile; fileRef = B1CCF79D150BDF0500007A33 /* libz.dylib */; };
		B1A89BD0150E2E8B0068BD8C /* MobileCoreServices.framework in Frameworks */ = {isa = PBXBuildFile; fileRef = B1CCF79B150BDEF300007A33 /* MobileCoreServices.framework */; };
		B1A89BD1150E2E950068BD8C /* SystemConfiguration.framework in Frameworks */ = {isa = PBXBuildFile; fileRef = B1CCF799150BDEEB00007A33 /* SystemConfiguration.framework */; };
		B1CCF6DD150BD81300007A33 /* UIKit.framework in Frameworks */ = {isa = PBXBuildFile; fileRef = B1CCF6DC150BD81300007A33 /* UIKit.framework */; };
		B1CCF6DF150BD81300007A33 /* Foundation.framework in Frameworks */ = {isa = PBXBuildFile; fileRef = B1CCF6DE150BD81300007A33 /* Foundation.framework */; };
		B1CCF6E1150BD81300007A33 /* CoreGraphics.framework in Frameworks */ = {isa = PBXBuildFile; fileRef = B1CCF6E0150BD81300007A33 /* CoreGraphics.framework */; };
		B1CCF740150BD93600007A33 /* UIKit.framework in Frameworks */ = {isa = PBXBuildFile; fileRef = B1CCF6DC150BD81300007A33 /* UIKit.framework */; };
		B1CCF741150BD93600007A33 /* Foundation.framework in Frameworks */ = {isa = PBXBuildFile; fileRef = B1CCF6DE150BD81300007A33 /* Foundation.framework */; };
		B1CCF742150BD93600007A33 /* CoreGraphics.framework in Frameworks */ = {isa = PBXBuildFile; fileRef = B1CCF6E0150BD81300007A33 /* CoreGraphics.framework */; };
		B1CCF798150BDEE000007A33 /* CFNetwork.framework in Frameworks */ = {isa = PBXBuildFile; fileRef = B1CCF797150BDEE000007A33 /* CFNetwork.framework */; };
		B1CCF79A150BDEEB00007A33 /* SystemConfiguration.framework in Frameworks */ = {isa = PBXBuildFile; fileRef = B1CCF799150BDEEB00007A33 /* SystemConfiguration.framework */; };
		B1CCF79C150BDEF300007A33 /* MobileCoreServices.framework in Frameworks */ = {isa = PBXBuildFile; fileRef = B1CCF79B150BDEF300007A33 /* MobileCoreServices.framework */; };
		B1CCF79E150BDF0500007A33 /* libz.dylib in Frameworks */ = {isa = PBXBuildFile; fileRef = B1CCF79D150BDF0500007A33 /* libz.dylib */; };
		B1D4C6301512603F001E6AA2 /* VKLoginViewController.xib in Resources */ = {isa = PBXBuildFile; fileRef = B1D4C5B51512603F001E6AA2 /* VKLoginViewController.xib */; };
		B1D4C6311512603F001E6AA2 /* VKApplicationController.m in Sources */ = {isa = PBXBuildFile; fileRef = B1D4C5B91512603F001E6AA2 /* VKApplicationController.m */; };
		B1D4C6321512603F001E6AA2 /* VKApplicationController.xib in Resources */ = {isa = PBXBuildFile; fileRef = B1D4C5BA1512603F001E6AA2 /* VKApplicationController.xib */; };
		B1D4C6331512603F001E6AA2 /* VKLoginViewController.m in Sources */ = {isa = PBXBuildFile; fileRef = B1D4C5BC1512603F001E6AA2 /* VKLoginViewController.m */; };
		B1D4C6341512603F001E6AA2 /* VKWindow.xib in Resources */ = {isa = PBXBuildFile; fileRef = B1D4C5BD1512603F001E6AA2 /* VKWindow.xib */; };
		B1D4C6351512603F001E6AA2 /* Localizable.strings in Resources */ = {isa = PBXBuildFile; fileRef = B1D4C5BE1512603F001E6AA2 /* Localizable.strings */; };
		B1D4C6361512603F001E6AA2 /* ExampleServiceImpl.m in Sources */ = {isa = PBXBuildFile; fileRef = B1D4C5C31512603F001E6AA2 /* ExampleServiceImpl.m */; };
		B1D4C6371512603F001E6AA2 /* ServiceExecutorImpl.m in Sources */ = {isa = PBXBuildFile; fileRef = B1D4C5C61512603F001E6AA2 /* ServiceExecutorImpl.m */; };
		B1D4C6381512603F001E6AA2 /* ASIAuthenticationDialog.m in Sources */ = {isa = PBXBuildFile; fileRef = B1D4C5CA1512603F001E6AA2 /* ASIAuthenticationDialog.m */; };
		B1D4C6391512603F001E6AA2 /* ASIDataCompressor.m in Sources */ = {isa = PBXBuildFile; fileRef = B1D4C5CD1512603F001E6AA2 /* ASIDataCompressor.m */; };
		B1D4C63A1512603F001E6AA2 /* ASIDataDecompressor.m in Sources */ = {isa = PBXBuildFile; fileRef = B1D4C5CF1512603F001E6AA2 /* ASIDataDecompressor.m */; };
		B1D4C63B1512603F001E6AA2 /* ASIDownloadCache.m in Sources */ = {isa = PBXBuildFile; fileRef = B1D4C5D11512603F001E6AA2 /* ASIDownloadCache.m */; };
		B1D4C63C1512603F001E6AA2 /* ASIFormDataRequest.m in Sources */ = {isa = PBXBuildFile; fileRef = B1D4C5D31512603F001E6AA2 /* ASIFormDataRequest.m */; };
		B1D4C63D1512603F001E6AA2 /* ASIHTTPRequest.m in Sources */ = {isa = PBXBuildFile; fileRef = B1D4C5D51512603F001E6AA2 /* ASIHTTPRequest.m */; };
		B1D4C63E1512603F001E6AA2 /* ASIInputStream.m in Sources */ = {isa = PBXBuildFile; fileRef = B1D4C5D91512603F001E6AA2 /* ASIInputStream.m */; };
		B1D4C63F1512603F001E6AA2 /* ASINetworkQueue.m in Sources */ = {isa = PBXBuildFile; fileRef = B1D4C5DB1512603F001E6AA2 /* ASINetworkQueue.m */; };
		B1D4C6401512603F001E6AA2 /* Reachability.m in Sources */ = {isa = PBXBuildFile; fileRef = B1D4C5DE1512603F001E6AA2 /* Reachability.m */; };
		B1D4C6421512603F001E6AA2 /* OxICContainer.m in Sources */ = {isa = PBXBuildFile; fileRef = B1D4C5E31512603F001E6AA2 /* OxICContainer.m */; };
		B1D4C6431512603F001E6AA2 /* OxICDefaultFactoryObject.m in Sources */ = {isa = PBXBuildFile; fileRef = B1D4C5E61512603F001E6AA2 /* OxICDefaultFactoryObject.m */; };
		B1D4C6441512603F001E6AA2 /* OxICLazyProxy.m in Sources */ = {isa = PBXBuildFile; fileRef = B1D4C5E91512603F001E6AA2 /* OxICLazyProxy.m */; };
		B1D4C6451512603F001E6AA2 /* OxICLazyProxyFactoryObject.m in Sources */ = {isa = PBXBuildFile; fileRef = B1D4C5EB1512603F001E6AA2 /* OxICLazyProxyFactoryObject.m */; };
		B1D4C6461512603F001E6AA2 /* OxICManagedObjectModelFactoryObject.m in Sources */ = {isa = PBXBuildFile; fileRef = B1D4C5ED1512603F001E6AA2 /* OxICManagedObjectModelFactoryObject.m */; };
		B1D4C6471512603F001E6AA2 /* OxICNibFactoryObject.m in Sources */ = {isa = PBXBuildFile; fileRef = B1D4C5EF1512603F001E6AA2 /* OxICNibFactoryObject.m */; };
		B1D4C6481512603F001E6AA2 /* OxICObjectDefinition.m in Sources */ = {isa = PBXBuildFile; fileRef = B1D4C5F11512603F001E6AA2 /* OxICObjectDefinition.m */; };
		B1D4C6491512603F001E6AA2 /* OxICPersistentStoreCoordinatorFactoryObject.m in Sources */ = {isa = PBXBuildFile; fileRef = B1D4C5F31512603F001E6AA2 /* OxICPersistentStoreCoordinatorFactoryObject.m */; };
		B1D4C64A1512603F001E6AA2 /* OxICViewControllerFactoryObject.m in Sources */ = {isa = PBXBuildFile; fileRef = B1D4C5F51512603F001E6AA2 /* OxICViewControllerFactoryObject.m */; };
		B1D4C64B1512603F001E6AA2 /* OxICPropertyDescriptor.m in Sources */ = {isa = PBXBuildFile; fileRef = B1D4C5FB1512603F001E6AA2 /* OxICPropertyDescriptor.m */; };
		B1D4C64C1512603F001E6AA2 /* OxICSimpleClassWrapper.m in Sources */ = {isa = PBXBuildFile; fileRef = B1D4C6001512603F001E6AA2 /* OxICSimpleClassWrapper.m */; };
		B1D4C64D1512603F001E6AA2 /* OxICSimpleObjectWrapper.m in Sources */ = {isa = PBXBuildFile; fileRef = B1D4C6021512603F001E6AA2 /* OxICSimpleObjectWrapper.m */; };
		B1D4C64E1512603F001E6AA2 /* OxICSimpleWrapperFactory.m in Sources */ = {isa = PBXBuildFile; fileRef = B1D4C6041512603F001E6AA2 /* OxICSimpleWrapperFactory.m */; };
		B1D4C64F1512603F001E6AA2 /* NSObject+SBJson.m in Sources */ = {isa = PBXBuildFile; fileRef = B1D4C6071512603F001E6AA2 /* NSObject+SBJson.m */; };
		B1D4C6501512603F001E6AA2 /* SBJsonParser.m in Sources */ = {isa = PBXBuildFile; fileRef = B1D4C60A1512603F001E6AA2 /* SBJsonParser.m */; };
		B1D4C6511512603F001E6AA2 /* SBJsonStreamParser.m in Sources */ = {isa = PBXBuildFile; fileRef = B1D4C60C1512603F001E6AA2 /* SBJsonStreamParser.m */; };
		B1D4C6521512603F001E6AA2 /* SBJsonStreamParserAccumulator.m in Sources */ = {isa = PBXBuildFile; fileRef = B1D4C60E1512603F001E6AA2 /* SBJsonStreamParserAccumulator.m */; };
		B1D4C6531512603F001E6AA2 /* SBJsonStreamParserAdapter.m in Sources */ = {isa = PBXBuildFile; fileRef = B1D4C6101512603F001E6AA2 /* SBJsonStreamParserAdapter.m */; };
		B1D4C6541512603F001E6AA2 /* SBJsonStreamParserState.m in Sources */ = {isa = PBXBuildFile; fileRef = B1D4C6121512603F001E6AA2 /* SBJsonStreamParserState.m */; };
		B1D4C6551512603F001E6AA2 /* SBJsonStreamWriter.m in Sources */ = {isa = PBXBuildFile; fileRef = B1D4C6141512603F001E6AA2 /* SBJsonStreamWriter.m */; };
		B1D4C6561512603F001E6AA2 /* SBJsonStreamWriterAccumulator.m in Sources */ = {isa = PBXBuildFile; fileRef = B1D4C6161512603F001E6AA2 /* SBJsonStreamWriterAccumulator.m */; };
		B1D4C6571512603F001E6AA2 /* SBJsonStreamWriterState.m in Sources */ = {isa = PBXBuildFile; fileRef = B1D4C6181512603F001E6AA2 /* SBJsonStreamWriterState.m */; };
		B1D4C6581512603F001E6AA2 /* SBJsonTokeniser.m in Sources */ = {isa = PBXBuildFile; fileRef = B1D4C61A1512603F001E6AA2 /* SBJsonTokeniser.m */; };
		B1D4C6591512603F001E6AA2 /* SBJsonUTF8Stream.m in Sources */ = {isa = PBXBuildFile; fileRef = B1D4C61C1512603F001E6AA2 /* SBJsonUTF8Stream.m */; };
		B1D4C65A1512603F001E6AA2 /* SBJsonWriter.m in Sources */ = {isa = PBXBuildFile; fileRef = B1D4C61E1512603F001E6AA2 /* SBJsonWriter.m */; };
		B1D4C65B1512603F001E6AA2 /* main.m in Sources */ = {isa = PBXBuildFile; fileRef = B1D4C61F1512603F001E6AA2 /* main.m */; };
		B1D4C65C1512603F001E6AA2 /* VKRequest.m in Sources */ = {isa = PBXBuildFile; fileRef = B1D4C6221512603F001E6AA2 /* VKRequest.m */; };
		B1D4C65D1512603F001E6AA2 /* first.png in Resources */ = {isa = PBXBuildFile; fileRef = B1D4C6241512603F001E6AA2 /* first.png */; };
		B1D4C65E1512603F001E6AA2 /* first@2x.png in Resources */ = {isa = PBXBuildFile; fileRef = B1D4C6251512603F001E6AA2 /* first@2x.png */; };
		B1D4C65F1512603F001E6AA2 /* second.png in Resources */ = {isa = PBXBuildFile; fileRef = B1D4C6261512603F001E6AA2 /* second.png */; };
		B1D4C6601512603F001E6AA2 /* second@2x.png in Resources */ = {isa = PBXBuildFile; fileRef = B1D4C6271512603F001E6AA2 /* second@2x.png */; };
		B1D4C6611512603F001E6AA2 /* VKAppDelegate.m in Sources */ = {isa = PBXBuildFile; fileRef = B1D4C62A1512603F001E6AA2 /* VKAppDelegate.m */; };
		B1D4C6621512603F001E6AA2 /* vkmessenger-Info.plist in Resources */ = {isa = PBXBuildFile; fileRef = B1D4C62B1512603F001E6AA2 /* vkmessenger-Info.plist */; };
		B1D4C6631512603F001E6AA2 /* VKServiceAPI.m in Sources */ = {isa = PBXBuildFile; fileRef = B1D4C62F1512603F001E6AA2 /* VKServiceAPI.m */; };
		B1D4C67115126051001E6AA2 /* InfoPlist.strings in Resources */ = {isa = PBXBuildFile; fileRef = B1D4C66515126051001E6AA2 /* InfoPlist.strings */; };
		B1D4C67415126051001E6AA2 /* RunTests.sh in Resources */ = {isa = PBXBuildFile; fileRef = B1D4C66B15126051001E6AA2 /* RunTests.sh */; };
		B1D4C67515126051001E6AA2 /* Tests-Info.plist in Resources */ = {isa = PBXBuildFile; fileRef = B1D4C66C15126051001E6AA2 /* Tests-Info.plist */; };
		B1D4C6CC15126564001E6AA2 /* ASIAuthenticationDialog.m in Sources */ = {isa = PBXBuildFile; fileRef = B1D4C5CA1512603F001E6AA2 /* ASIAuthenticationDialog.m */; };
		B1D4C6CD15126574001E6AA2 /* ASIDataCompressor.m in Sources */ = {isa = PBXBuildFile; fileRef = B1D4C5CD1512603F001E6AA2 /* ASIDataCompressor.m */; };
		B1D4C6CE15126574001E6AA2 /* ASIDataDecompressor.m in Sources */ = {isa = PBXBuildFile; fileRef = B1D4C5CF1512603F001E6AA2 /* ASIDataDecompressor.m */; };
		B1D4C6CF151266D4001E6AA2 /* ASIFormDataRequest.m in Sources */ = {isa = PBXBuildFile; fileRef = B1D4C5D31512603F001E6AA2 /* ASIFormDataRequest.m */; };
		B1D4C6D0151266D4001E6AA2 /* ASIHTTPRequest.m in Sources */ = {isa = PBXBuildFile; fileRef = B1D4C5D51512603F001E6AA2 /* ASIHTTPRequest.m */; };
		B1D4C6D1151266D4001E6AA2 /* ASIInputStream.m in Sources */ = {isa = PBXBuildFile; fileRef = B1D4C5D91512603F001E6AA2 /* ASIInputStream.m */; };
		B1D4C6D2151266D4001E6AA2 /* ASINetworkQueue.m in Sources */ = {isa = PBXBuildFile; fileRef = B1D4C5DB1512603F001E6AA2 /* ASINetworkQueue.m */; };
		B1D4C6D3151266D4001E6AA2 /* Reachability.m in Sources */ = {isa = PBXBuildFile; fileRef = B1D4C5DE1512603F001E6AA2 /* Reachability.m */; };
		B1D4C6D4151266F9001E6AA2 /* OxICContainer.m in Sources */ = {isa = PBXBuildFile; fileRef = B1D4C5E31512603F001E6AA2 /* OxICContainer.m */; };
		B1D4C6D5151266F9001E6AA2 /* OxICDefaultFactoryObject.m in Sources */ = {isa = PBXBuildFile; fileRef = B1D4C5E61512603F001E6AA2 /* OxICDefaultFactoryObject.m */; };
		B1D4C6D6151266F9001E6AA2 /* OxICLazyProxy.m in Sources */ = {isa = PBXBuildFile; fileRef = B1D4C5E91512603F001E6AA2 /* OxICLazyProxy.m */; };
		B1D4C6D7151266F9001E6AA2 /* OxICLazyProxyFactoryObject.m in Sources */ = {isa = PBXBuildFile; fileRef = B1D4C5EB1512603F001E6AA2 /* OxICLazyProxyFactoryObject.m */; };
		B1D4C6D8151266F9001E6AA2 /* OxICManagedObjectModelFactoryObject.m in Sources */ = {isa = PBXBuildFile; fileRef = B1D4C5ED1512603F001E6AA2 /* OxICManagedObjectModelFactoryObject.m */; };
		B1D4C6D9151266F9001E6AA2 /* OxICNibFactoryObject.m in Sources */ = {isa = PBXBuildFile; fileRef = B1D4C5EF1512603F001E6AA2 /* OxICNibFactoryObject.m */; };
		B1D4C6DA151266F9001E6AA2 /* OxICObjectDefinition.m in Sources */ = {isa = PBXBuildFile; fileRef = B1D4C5F11512603F001E6AA2 /* OxICObjectDefinition.m */; };
		B1D4C6DB151266F9001E6AA2 /* OxICPersistentStoreCoordinatorFactoryObject.m in Sources */ = {isa = PBXBuildFile; fileRef = B1D4C5F31512603F001E6AA2 /* OxICPersistentStoreCoordinatorFactoryObject.m */; };
		B1D4C6DC151266F9001E6AA2 /* OxICViewControllerFactoryObject.m in Sources */ = {isa = PBXBuildFile; fileRef = B1D4C5F51512603F001E6AA2 /* OxICViewControllerFactoryObject.m */; };
		B1D4C6DD15126703001E6AA2 /* OxICPropertyDescriptor.m in Sources */ = {isa = PBXBuildFile; fileRef = B1D4C5FB1512603F001E6AA2 /* OxICPropertyDescriptor.m */; };
		B1D4C6DE1512670E001E6AA2 /* OxICSimpleClassWrapper.m in Sources */ = {isa = PBXBuildFile; fileRef = B1D4C6001512603F001E6AA2 /* OxICSimpleClassWrapper.m */; };
		B1D4C6DF1512670E001E6AA2 /* OxICSimpleObjectWrapper.m in Sources */ = {isa = PBXBuildFile; fileRef = B1D4C6021512603F001E6AA2 /* OxICSimpleObjectWrapper.m */; };
		B1D4C6E01512670E001E6AA2 /* OxICSimpleWrapperFactory.m in Sources */ = {isa = PBXBuildFile; fileRef = B1D4C6041512603F001E6AA2 /* OxICSimpleWrapperFactory.m */; };
		B1D4C6E115126720001E6AA2 /* NSObject+SBJson.m in Sources */ = {isa = PBXBuildFile; fileRef = B1D4C6071512603F001E6AA2 /* NSObject+SBJson.m */; };
		B1D4C6E215126720001E6AA2 /* SBJsonParser.m in Sources */ = {isa = PBXBuildFile; fileRef = B1D4C60A1512603F001E6AA2 /* SBJsonParser.m */; };
		B1D4C6E315126720001E6AA2 /* SBJsonStreamParser.m in Sources */ = {isa = PBXBuildFile; fileRef = B1D4C60C1512603F001E6AA2 /* SBJsonStreamParser.m */; };
		B1D4C6E415126720001E6AA2 /* SBJsonStreamParserAccumulator.m in Sources */ = {isa = PBXBuildFile; fileRef = B1D4C60E1512603F001E6AA2 /* SBJsonStreamParserAccumulator.m */; };
		B1D4C6E515126720001E6AA2 /* SBJsonStreamParserAdapter.m in Sources */ = {isa = PBXBuildFile; fileRef = B1D4C6101512603F001E6AA2 /* SBJsonStreamParserAdapter.m */; };
		B1D4C6E615126720001E6AA2 /* SBJsonStreamParserState.m in Sources */ = {isa = PBXBuildFile; fileRef = B1D4C6121512603F001E6AA2 /* SBJsonStreamParserState.m */; };
		B1D4C6E715126720001E6AA2 /* SBJsonStreamWriter.m in Sources */ = {isa = PBXBuildFile; fileRef = B1D4C6141512603F001E6AA2 /* SBJsonStreamWriter.m */; };
		B1D4C6E815126720001E6AA2 /* SBJsonStreamWriterAccumulator.m in Sources */ = {isa = PBXBuildFile; fileRef = B1D4C6161512603F001E6AA2 /* SBJsonStreamWriterAccumulator.m */; };
		B1D4C6E915126720001E6AA2 /* SBJsonStreamWriterState.m in Sources */ = {isa = PBXBuildFile; fileRef = B1D4C6181512603F001E6AA2 /* SBJsonStreamWriterState.m */; };
		B1D4C6EA15126720001E6AA2 /* SBJsonTokeniser.m in Sources */ = {isa = PBXBuildFile; fileRef = B1D4C61A1512603F001E6AA2 /* SBJsonTokeniser.m */; };
		B1D4C6EB15126720001E6AA2 /* SBJsonUTF8Stream.m in Sources */ = {isa = PBXBuildFile; fileRef = B1D4C61C1512603F001E6AA2 /* SBJsonUTF8Stream.m */; };
		B1D4C6EC15126720001E6AA2 /* SBJsonWriter.m in Sources */ = {isa = PBXBuildFile; fileRef = B1D4C61E1512603F001E6AA2 /* SBJsonWriter.m */; };
		B1D4C6ED15126731001E6AA2 /* VKRequest.m in Sources */ = {isa = PBXBuildFile; fileRef = B1D4C6221512603F001E6AA2 /* VKRequest.m */; };
		B1D4C6EE15126737001E6AA2 /* VKServiceAPI.m in Sources */ = {isa = PBXBuildFile; fileRef = B1D4C62F1512603F001E6AA2 /* VKServiceAPI.m */; };
		B1D4C6EF15126747001E6AA2 /* main.m in Sources */ = {isa = PBXBuildFile; fileRef = B1D4C66715126051001E6AA2 /* main.m */; };
		B1D4C6F015126751001E6AA2 /* VKServiceAPITest.m in Sources */ = {isa = PBXBuildFile; fileRef = B1D4C67015126051001E6AA2 /* VKServiceAPITest.m */; };
		B1D4C6F115126756001E6AA2 /* VKRequestTest.m in Sources */ = {isa = PBXBuildFile; fileRef = B1D4C66A15126051001E6AA2 /* VKRequestTest.m */; };
		B1D4C6F215126778001E6AA2 /* GHUnitIOS.framework in Frameworks */ = {isa = PBXBuildFile; fileRef = B1D4C5DF1512603F001E6AA2 /* GHUnitIOS.framework */; };
/* End PBXBuildFile section */

/* Begin PBXFileReference section */
		B12BEA0F15108A61006B2592 /* CoreData.framework */ = {isa = PBXFileReference; lastKnownFileType = wrapper.framework; name = CoreData.framework; path = System/Library/Frameworks/CoreData.framework; sourceTree = SDKROOT; };
		B1CCF6D8150BD81300007A33 /* vkmessenger.app */ = {isa = PBXFileReference; explicitFileType = wrapper.application; includeInIndex = 0; path = vkmessenger.app; sourceTree = BUILT_PRODUCTS_DIR; };
		B1CCF6DC150BD81300007A33 /* UIKit.framework */ = {isa = PBXFileReference; lastKnownFileType = wrapper.framework; name = UIKit.framework; path = System/Library/Frameworks/UIKit.framework; sourceTree = SDKROOT; };
		B1CCF6DE150BD81300007A33 /* Foundation.framework */ = {isa = PBXFileReference; lastKnownFileType = wrapper.framework; name = Foundation.framework; path = System/Library/Frameworks/Foundation.framework; sourceTree = SDKROOT; };
		B1CCF6E0150BD81300007A33 /* CoreGraphics.framework */ = {isa = PBXFileReference; lastKnownFileType = wrapper.framework; name = CoreGraphics.framework; path = System/Library/Frameworks/CoreGraphics.framework; sourceTree = SDKROOT; };
		B1CCF73E150BD93600007A33 /* Tests.app */ = {isa = PBXFileReference; explicitFileType = wrapper.application; includeInIndex = 0; path = Tests.app; sourceTree = BUILT_PRODUCTS_DIR; };
		B1CCF75A150BDDF100007A33 /* NSObject+SBJson.h */ = {isa = PBXFileReference; fileEncoding = 4; lastKnownFileType = sourcecode.c.h; path = "NSObject+SBJson.h"; sourceTree = "<group>"; };
		B1CCF75B150BDDF100007A33 /* NSObject+SBJson.m */ = {isa = PBXFileReference; fileEncoding = 4; lastKnownFileType = sourcecode.c.objc; path = "NSObject+SBJson.m"; sourceTree = "<group>"; };
		B1CCF75C150BDDF100007A33 /* SBJson.h */ = {isa = PBXFileReference; fileEncoding = 4; lastKnownFileType = sourcecode.c.h; path = SBJson.h; sourceTree = "<group>"; };
		B1CCF75D150BDDF100007A33 /* SBJsonParser.h */ = {isa = PBXFileReference; fileEncoding = 4; lastKnownFileType = sourcecode.c.h; path = SBJsonParser.h; sourceTree = "<group>"; };
		B1CCF75E150BDDF100007A33 /* SBJsonParser.m */ = {isa = PBXFileReference; fileEncoding = 4; lastKnownFileType = sourcecode.c.objc; path = SBJsonParser.m; sourceTree = "<group>"; };
		B1CCF75F150BDDF100007A33 /* SBJsonStreamParser.h */ = {isa = PBXFileReference; fileEncoding = 4; lastKnownFileType = sourcecode.c.h; path = SBJsonStreamParser.h; sourceTree = "<group>"; };
		B1CCF760150BDDF100007A33 /* SBJsonStreamParser.m */ = {isa = PBXFileReference; fileEncoding = 4; lastKnownFileType = sourcecode.c.objc; path = SBJsonStreamParser.m; sourceTree = "<group>"; };
		B1CCF761150BDDF100007A33 /* SBJsonStreamParserAccumulator.h */ = {isa = PBXFileReference; fileEncoding = 4; lastKnownFileType = sourcecode.c.h; path = SBJsonStreamParserAccumulator.h; sourceTree = "<group>"; };
		B1CCF762150BDDF100007A33 /* SBJsonStreamParserAccumulator.m */ = {isa = PBXFileReference; fileEncoding = 4; lastKnownFileType = sourcecode.c.objc; path = SBJsonStreamParserAccumulator.m; sourceTree = "<group>"; };
		B1CCF763150BDDF100007A33 /* SBJsonStreamParserAdapter.h */ = {isa = PBXFileReference; fileEncoding = 4; lastKnownFileType = sourcecode.c.h; path = SBJsonStreamParserAdapter.h; sourceTree = "<group>"; };
		B1CCF764150BDDF100007A33 /* SBJsonStreamParserAdapter.m */ = {isa = PBXFileReference; fileEncoding = 4; lastKnownFileType = sourcecode.c.objc; path = SBJsonStreamParserAdapter.m; sourceTree = "<group>"; };
		B1CCF765150BDDF100007A33 /* SBJsonStreamParserState.h */ = {isa = PBXFileReference; fileEncoding = 4; lastKnownFileType = sourcecode.c.h; path = SBJsonStreamParserState.h; sourceTree = "<group>"; };
		B1CCF766150BDDF100007A33 /* SBJsonStreamParserState.m */ = {isa = PBXFileReference; fileEncoding = 4; lastKnownFileType = sourcecode.c.objc; path = SBJsonStreamParserState.m; sourceTree = "<group>"; };
		B1CCF767150BDDF100007A33 /* SBJsonStreamWriter.h */ = {isa = PBXFileReference; fileEncoding = 4; lastKnownFileType = sourcecode.c.h; path = SBJsonStreamWriter.h; sourceTree = "<group>"; };
		B1CCF768150BDDF100007A33 /* SBJsonStreamWriter.m */ = {isa = PBXFileReference; fileEncoding = 4; lastKnownFileType = sourcecode.c.objc; path = SBJsonStreamWriter.m; sourceTree = "<group>"; };
		B1CCF769150BDDF100007A33 /* SBJsonStreamWriterAccumulator.h */ = {isa = PBXFileReference; fileEncoding = 4; lastKnownFileType = sourcecode.c.h; path = SBJsonStreamWriterAccumulator.h; sourceTree = "<group>"; };
		B1CCF76A150BDDF100007A33 /* SBJsonStreamWriterAccumulator.m */ = {isa = PBXFileReference; fileEncoding = 4; lastKnownFileType = sourcecode.c.objc; path = SBJsonStreamWriterAccumulator.m; sourceTree = "<group>"; };
		B1CCF76B150BDDF100007A33 /* SBJsonStreamWriterState.h */ = {isa = PBXFileReference; fileEncoding = 4; lastKnownFileType = sourcecode.c.h; path = SBJsonStreamWriterState.h; sourceTree = "<group>"; };
		B1CCF76C150BDDF100007A33 /* SBJsonStreamWriterState.m */ = {isa = PBXFileReference; fileEncoding = 4; lastKnownFileType = sourcecode.c.objc; path = SBJsonStreamWriterState.m; sourceTree = "<group>"; };
		B1CCF76D150BDDF100007A33 /* SBJsonTokeniser.h */ = {isa = PBXFileReference; fileEncoding = 4; lastKnownFileType = sourcecode.c.h; path = SBJsonTokeniser.h; sourceTree = "<group>"; };
		B1CCF76E150BDDF100007A33 /* SBJsonTokeniser.m */ = {isa = PBXFileReference; fileEncoding = 4; lastKnownFileType = sourcecode.c.objc; path = SBJsonTokeniser.m; sourceTree = "<group>"; };
		B1CCF76F150BDDF100007A33 /* SBJsonUTF8Stream.h */ = {isa = PBXFileReference; fileEncoding = 4; lastKnownFileType = sourcecode.c.h; path = SBJsonUTF8Stream.h; sourceTree = "<group>"; };
		B1CCF770150BDDF100007A33 /* SBJsonUTF8Stream.m */ = {isa = PBXFileReference; fileEncoding = 4; lastKnownFileType = sourcecode.c.objc; path = SBJsonUTF8Stream.m; sourceTree = "<group>"; };
		B1CCF771150BDDF100007A33 /* SBJsonWriter.h */ = {isa = PBXFileReference; fileEncoding = 4; lastKnownFileType = sourcecode.c.h; path = SBJsonWriter.h; sourceTree = "<group>"; };
		B1CCF772150BDDF100007A33 /* SBJsonWriter.m */ = {isa = PBXFileReference; fileEncoding = 4; lastKnownFileType = sourcecode.c.objc; path = SBJsonWriter.m; sourceTree = "<group>"; };
		B1CCF797150BDEE000007A33 /* CFNetwork.framework */ = {isa = PBXFileReference; lastKnownFileType = wrapper.framework; name = CFNetwork.framework; path = System/Library/Frameworks/CFNetwork.framework; sourceTree = SDKROOT; };
		B1CCF799150BDEEB00007A33 /* SystemConfiguration.framework */ = {isa = PBXFileReference; lastKnownFileType = wrapper.framework; name = SystemConfiguration.framework; path = System/Library/Frameworks/SystemConfiguration.framework; sourceTree = SDKROOT; };
		B1CCF79B150BDEF300007A33 /* MobileCoreServices.framework */ = {isa = PBXFileReference; lastKnownFileType = wrapper.framework; name = MobileCoreServices.framework; path = System/Library/Frameworks/MobileCoreServices.framework; sourceTree = SDKROOT; };
		B1CCF79D150BDF0500007A33 /* libz.dylib */ = {isa = PBXFileReference; lastKnownFileType = "compiled.mach-o.dylib"; name = libz.dylib; path = usr/lib/libz.dylib; sourceTree = SDKROOT; };
		B1D4C5B61512603F001E6AA2 /* en */ = {isa = PBXFileReference; lastKnownFileType = file.xib; name = en; path = en.lproj/VKLoginViewController.xib; sourceTree = "<group>"; };
		B1D4C5B71512603F001E6AA2 /* ru */ = {isa = PBXFileReference; lastKnownFileType = file.xib; name = ru; path = ru.lproj/VKLoginViewController.xib; sourceTree = "<group>"; };
		B1D4C5B81512603F001E6AA2 /* VKApplicationController.h */ = {isa = PBXFileReference; fileEncoding = 4; lastKnownFileType = sourcecode.c.h; path = VKApplicationController.h; sourceTree = "<group>"; };
		B1D4C5B91512603F001E6AA2 /* VKApplicationController.m */ = {isa = PBXFileReference; fileEncoding = 4; lastKnownFileType = sourcecode.c.objc; path = VKApplicationController.m; sourceTree = "<group>"; };
		B1D4C5BA1512603F001E6AA2 /* VKApplicationController.xib */ = {isa = PBXFileReference; fileEncoding = 4; lastKnownFileType = file.xib; path = VKApplicationController.xib; sourceTree = "<group>"; };
		B1D4C5BB1512603F001E6AA2 /* VKLoginViewController.h */ = {isa = PBXFileReference; fileEncoding = 4; lastKnownFileType = sourcecode.c.h; path = VKLoginViewController.h; sourceTree = "<group>"; };
		B1D4C5BC1512603F001E6AA2 /* VKLoginViewController.m */ = {isa = PBXFileReference; fileEncoding = 4; lastKnownFileType = sourcecode.c.objc; path = VKLoginViewController.m; sourceTree = "<group>"; };
		B1D4C5BD1512603F001E6AA2 /* VKWindow.xib */ = {isa = PBXFileReference; fileEncoding = 4; lastKnownFileType = file.xib; path = VKWindow.xib; sourceTree = "<group>"; };
		B1D4C5BF1512603F001E6AA2 /* en */ = {isa = PBXFileReference; lastKnownFileType = text.plist.strings; name = en; path = en.lproj/Localizable.strings; sourceTree = "<group>"; };
		B1D4C5C11512603F001E6AA2 /* ExampleService.h */ = {isa = PBXFileReference; fileEncoding = 4; lastKnownFileType = sourcecode.c.h; path = ExampleService.h; sourceTree = "<group>"; };
		B1D4C5C21512603F001E6AA2 /* ExampleServiceImpl.h */ = {isa = PBXFileReference; fileEncoding = 4; lastKnownFileType = sourcecode.c.h; path = ExampleServiceImpl.h; sourceTree = "<group>"; };
		B1D4C5C31512603F001E6AA2 /* ExampleServiceImpl.m */ = {isa = PBXFileReference; fileEncoding = 4; lastKnownFileType = sourcecode.c.objc; path = ExampleServiceImpl.m; sourceTree = "<group>"; };
		B1D4C5C41512603F001E6AA2 /* ServiceExecutor.h */ = {isa = PBXFileReference; fileEncoding = 4; lastKnownFileType = sourcecode.c.h; path = ServiceExecutor.h; sourceTree = "<group>"; };
		B1D4C5C51512603F001E6AA2 /* ServiceExecutorImpl.h */ = {isa = PBXFileReference; fileEncoding = 4; lastKnownFileType = sourcecode.c.h; path = ServiceExecutorImpl.h; sourceTree = "<group>"; };
		B1D4C5C61512603F001E6AA2 /* ServiceExecutorImpl.m */ = {isa = PBXFileReference; fileEncoding = 4; lastKnownFileType = sourcecode.c.objc; path = ServiceExecutorImpl.m; sourceTree = "<group>"; };
		B1D4C5C91512603F001E6AA2 /* ASIAuthenticationDialog.h */ = {isa = PBXFileReference; fileEncoding = 4; lastKnownFileType = sourcecode.c.h; path = ASIAuthenticationDialog.h; sourceTree = "<group>"; };
		B1D4C5CA1512603F001E6AA2 /* ASIAuthenticationDialog.m */ = {isa = PBXFileReference; fileEncoding = 4; lastKnownFileType = sourcecode.c.objc; path = ASIAuthenticationDialog.m; sourceTree = "<group>"; };
		B1D4C5CB1512603F001E6AA2 /* ASICacheDelegate.h */ = {isa = PBXFileReference; fileEncoding = 4; lastKnownFileType = sourcecode.c.h; path = ASICacheDelegate.h; sourceTree = "<group>"; };
		B1D4C5CC1512603F001E6AA2 /* ASIDataCompressor.h */ = {isa = PBXFileReference; fileEncoding = 4; lastKnownFileType = sourcecode.c.h; path = ASIDataCompressor.h; sourceTree = "<group>"; };
		B1D4C5CD1512603F001E6AA2 /* ASIDataCompressor.m */ = {isa = PBXFileReference; fileEncoding = 4; lastKnownFileType = sourcecode.c.objc; path = ASIDataCompressor.m; sourceTree = "<group>"; };
		B1D4C5CE1512603F001E6AA2 /* ASIDataDecompressor.h */ = {isa = PBXFileReference; fileEncoding = 4; lastKnownFileType = sourcecode.c.h; path = ASIDataDecompressor.h; sourceTree = "<group>"; };
		B1D4C5CF1512603F001E6AA2 /* ASIDataDecompressor.m */ = {isa = PBXFileReference; fileEncoding = 4; lastKnownFileType = sourcecode.c.objc; path = ASIDataDecompressor.m; sourceTree = "<group>"; };
		B1D4C5D01512603F001E6AA2 /* ASIDownloadCache.h */ = {isa = PBXFileReference; fileEncoding = 4; lastKnownFileType = sourcecode.c.h; path = ASIDownloadCache.h; sourceTree = "<group>"; };
		B1D4C5D11512603F001E6AA2 /* ASIDownloadCache.m */ = {isa = PBXFileReference; fileEncoding = 4; lastKnownFileType = sourcecode.c.objc; path = ASIDownloadCache.m; sourceTree = "<group>"; };
		B1D4C5D21512603F001E6AA2 /* ASIFormDataRequest.h */ = {isa = PBXFileReference; fileEncoding = 4; lastKnownFileType = sourcecode.c.h; path = ASIFormDataRequest.h; sourceTree = "<group>"; };
		B1D4C5D31512603F001E6AA2 /* ASIFormDataRequest.m */ = {isa = PBXFileReference; fileEncoding = 4; lastKnownFileType = sourcecode.c.objc; path = ASIFormDataRequest.m; sourceTree = "<group>"; };
		B1D4C5D41512603F001E6AA2 /* ASIHTTPRequest.h */ = {isa = PBXFileReference; fileEncoding = 4; lastKnownFileType = sourcecode.c.h; path = ASIHTTPRequest.h; sourceTree = "<group>"; };
		B1D4C5D51512603F001E6AA2 /* ASIHTTPRequest.m */ = {isa = PBXFileReference; fileEncoding = 4; lastKnownFileType = sourcecode.c.objc; path = ASIHTTPRequest.m; sourceTree = "<group>"; };
		B1D4C5D61512603F001E6AA2 /* ASIHTTPRequestConfig.h */ = {isa = PBXFileReference; fileEncoding = 4; lastKnownFileType = sourcecode.c.h; path = ASIHTTPRequestConfig.h; sourceTree = "<group>"; };
		B1D4C5D71512603F001E6AA2 /* ASIHTTPRequestDelegate.h */ = {isa = PBXFileReference; fileEncoding = 4; lastKnownFileType = sourcecode.c.h; path = ASIHTTPRequestDelegate.h; sourceTree = "<group>"; };
		B1D4C5D81512603F001E6AA2 /* ASIInputStream.h */ = {isa = PBXFileReference; fileEncoding = 4; lastKnownFileType = sourcecode.c.h; path = ASIInputStream.h; sourceTree = "<group>"; };
		B1D4C5D91512603F001E6AA2 /* ASIInputStream.m */ = {isa = PBXFileReference; fileEncoding = 4; lastKnownFileType = sourcecode.c.objc; path = ASIInputStream.m; sourceTree = "<group>"; };
		B1D4C5DA1512603F001E6AA2 /* ASINetworkQueue.h */ = {isa = PBXFileReference; fileEncoding = 4; lastKnownFileType = sourcecode.c.h; path = ASINetworkQueue.h; sourceTree = "<group>"; };
		B1D4C5DB1512603F001E6AA2 /* ASINetworkQueue.m */ = {isa = PBXFileReference; fileEncoding = 4; lastKnownFileType = sourcecode.c.objc; path = ASINetworkQueue.m; sourceTree = "<group>"; };
		B1D4C5DC1512603F001E6AA2 /* ASIProgressDelegate.h */ = {isa = PBXFileReference; fileEncoding = 4; lastKnownFileType = sourcecode.c.h; path = ASIProgressDelegate.h; sourceTree = "<group>"; };
		B1D4C5DD1512603F001E6AA2 /* Reachability.h */ = {isa = PBXFileReference; fileEncoding = 4; lastKnownFileType = sourcecode.c.h; path = Reachability.h; sourceTree = "<group>"; };
		B1D4C5DE1512603F001E6AA2 /* Reachability.m */ = {isa = PBXFileReference; fileEncoding = 4; lastKnownFileType = sourcecode.c.objc; path = Reachability.m; sourceTree = "<group>"; };
		B1D4C5DF1512603F001E6AA2 /* GHUnitIOS.framework */ = {isa = PBXFileReference; lastKnownFileType = wrapper.framework; path = GHUnitIOS.framework; sourceTree = "<group>"; };
		B1D4C5E21512603F001E6AA2 /* OxICContainer.h */ = {isa = PBXFileReference; fileEncoding = 4; lastKnownFileType = sourcecode.c.h; path = OxICContainer.h; sourceTree = "<group>"; };
		B1D4C5E31512603F001E6AA2 /* OxICContainer.m */ = {isa = PBXFileReference; fileEncoding = 4; lastKnownFileType = sourcecode.c.objc; path = OxICContainer.m; sourceTree = "<group>"; };
		B1D4C5E41512603F001E6AA2 /* OxICContainerBuilderDelegate.h */ = {isa = PBXFileReference; fileEncoding = 4; lastKnownFileType = sourcecode.c.h; path = OxICContainerBuilderDelegate.h; sourceTree = "<group>"; };
		B1D4C5E51512603F001E6AA2 /* OxICDefaultFactoryObject.h */ = {isa = PBXFileReference; fileEncoding = 4; lastKnownFileType = sourcecode.c.h; path = OxICDefaultFactoryObject.h; sourceTree = "<group>"; };
		B1D4C5E61512603F001E6AA2 /* OxICDefaultFactoryObject.m */ = {isa = PBXFileReference; fileEncoding = 4; lastKnownFileType = sourcecode.c.objc; path = OxICDefaultFactoryObject.m; sourceTree = "<group>"; };
		B1D4C5E71512603F001E6AA2 /* OxICFactoryObject.h */ = {isa = PBXFileReference; fileEncoding = 4; lastKnownFileType = sourcecode.c.h; path = OxICFactoryObject.h; sourceTree = "<group>"; };
		B1D4C5E81512603F001E6AA2 /* OxICLazyProxy.h */ = {isa = PBXFileReference; fileEncoding = 4; lastKnownFileType = sourcecode.c.h; path = OxICLazyProxy.h; sourceTree = "<group>"; };
		B1D4C5E91512603F001E6AA2 /* OxICLazyProxy.m */ = {isa = PBXFileReference; fileEncoding = 4; lastKnownFileType = sourcecode.c.objc; path = OxICLazyProxy.m; sourceTree = "<group>"; };
		B1D4C5EA1512603F001E6AA2 /* OxICLazyProxyFactoryObject.h */ = {isa = PBXFileReference; fileEncoding = 4; lastKnownFileType = sourcecode.c.h; path = OxICLazyProxyFactoryObject.h; sourceTree = "<group>"; };
		B1D4C5EB1512603F001E6AA2 /* OxICLazyProxyFactoryObject.m */ = {isa = PBXFileReference; fileEncoding = 4; lastKnownFileType = sourcecode.c.objc; path = OxICLazyProxyFactoryObject.m; sourceTree = "<group>"; };
		B1D4C5EC1512603F001E6AA2 /* OxICManagedObjectModelFactoryObject.h */ = {isa = PBXFileReference; fileEncoding = 4; lastKnownFileType = sourcecode.c.h; path = OxICManagedObjectModelFactoryObject.h; sourceTree = "<group>"; };
		B1D4C5ED1512603F001E6AA2 /* OxICManagedObjectModelFactoryObject.m */ = {isa = PBXFileReference; fileEncoding = 4; lastKnownFileType = sourcecode.c.objc; path = OxICManagedObjectModelFactoryObject.m; sourceTree = "<group>"; };
		B1D4C5EE1512603F001E6AA2 /* OxICNibFactoryObject.h */ = {isa = PBXFileReference; fileEncoding = 4; lastKnownFileType = sourcecode.c.h; path = OxICNibFactoryObject.h; sourceTree = "<group>"; };
		B1D4C5EF1512603F001E6AA2 /* OxICNibFactoryObject.m */ = {isa = PBXFileReference; fileEncoding = 4; lastKnownFileType = sourcecode.c.objc; path = OxICNibFactoryObject.m; sourceTree = "<group>"; };
		B1D4C5F01512603F001E6AA2 /* OxICObjectDefinition.h */ = {isa = PBXFileReference; fileEncoding = 4; lastKnownFileType = sourcecode.c.h; path = OxICObjectDefinition.h; sourceTree = "<group>"; };
		B1D4C5F11512603F001E6AA2 /* OxICObjectDefinition.m */ = {isa = PBXFileReference; fileEncoding = 4; lastKnownFileType = sourcecode.c.objc; path = OxICObjectDefinition.m; sourceTree = "<group>"; };
		B1D4C5F21512603F001E6AA2 /* OxICPersistentStoreCoordinatorFactoryObject.h */ = {isa = PBXFileReference; fileEncoding = 4; lastKnownFileType = sourcecode.c.h; path = OxICPersistentStoreCoordinatorFactoryObject.h; sourceTree = "<group>"; };
		B1D4C5F31512603F001E6AA2 /* OxICPersistentStoreCoordinatorFactoryObject.m */ = {isa = PBXFileReference; fileEncoding = 4; lastKnownFileType = sourcecode.c.objc; path = OxICPersistentStoreCoordinatorFactoryObject.m; sourceTree = "<group>"; };
		B1D4C5F41512603F001E6AA2 /* OxICViewControllerFactoryObject.h */ = {isa = PBXFileReference; fileEncoding = 4; lastKnownFileType = sourcecode.c.h; path = OxICViewControllerFactoryObject.h; sourceTree = "<group>"; };
		B1D4C5F51512603F001E6AA2 /* OxICViewControllerFactoryObject.m */ = {isa = PBXFileReference; fileEncoding = 4; lastKnownFileType = sourcecode.c.objc; path = OxICViewControllerFactoryObject.m; sourceTree = "<group>"; };
		B1D4C5F81512603F001E6AA2 /* OxICClassWrapper.h */ = {isa = PBXFileReference; fileEncoding = 4; lastKnownFileType = sourcecode.c.h; path = OxICClassWrapper.h; sourceTree = "<group>"; };
		B1D4C5F91512603F001E6AA2 /* OxICObjectWrapper.h */ = {isa = PBXFileReference; fileEncoding = 4; lastKnownFileType = sourcecode.c.h; path = OxICObjectWrapper.h; sourceTree = "<group>"; };
		B1D4C5FA1512603F001E6AA2 /* OxICPropertyDescriptor.h */ = {isa = PBXFileReference; fileEncoding = 4; lastKnownFileType = sourcecode.c.h; path = OxICPropertyDescriptor.h; sourceTree = "<group>"; };
		B1D4C5FB1512603F001E6AA2 /* OxICPropertyDescriptor.m */ = {isa = PBXFileReference; fileEncoding = 4; lastKnownFileType = sourcecode.c.objc; path = OxICPropertyDescriptor.m; sourceTree = "<group>"; };
		B1D4C5FC1512603F001E6AA2 /* OxICWrapperFactory.h */ = {isa = PBXFileReference; fileEncoding = 4; lastKnownFileType = sourcecode.c.h; path = OxICWrapperFactory.h; sourceTree = "<group>"; };
		B1D4C5FF1512603F001E6AA2 /* OxICSimpleClassWrapper.h */ = {isa = PBXFileReference; fileEncoding = 4; lastKnownFileType = sourcecode.c.h; path = OxICSimpleClassWrapper.h; sourceTree = "<group>"; };
		B1D4C6001512603F001E6AA2 /* OxICSimpleClassWrapper.m */ = {isa = PBXFileReference; fileEncoding = 4; lastKnownFileType = sourcecode.c.objc; path = OxICSimpleClassWrapper.m; sourceTree = "<group>"; };
		B1D4C6011512603F001E6AA2 /* OxICSimpleObjectWrapper.h */ = {isa = PBXFileReference; fileEncoding = 4; lastKnownFileType = sourcecode.c.h; path = OxICSimpleObjectWrapper.h; sourceTree = "<group>"; };
		B1D4C6021512603F001E6AA2 /* OxICSimpleObjectWrapper.m */ = {isa = PBXFileReference; fileEncoding = 4; lastKnownFileType = sourcecode.c.objc; path = OxICSimpleObjectWrapper.m; sourceTree = "<group>"; };
		B1D4C6031512603F001E6AA2 /* OxICSimpleWrapperFactory.h */ = {isa = PBXFileReference; fileEncoding = 4; lastKnownFileType = sourcecode.c.h; path = OxICSimpleWrapperFactory.h; sourceTree = "<group>"; };
		B1D4C6041512603F001E6AA2 /* OxICSimpleWrapperFactory.m */ = {isa = PBXFileReference; fileEncoding = 4; lastKnownFileType = sourcecode.c.objc; path = OxICSimpleWrapperFactory.m; sourceTree = "<group>"; };
		B1D4C6061512603F001E6AA2 /* NSObject+SBJson.h */ = {isa = PBXFileReference; fileEncoding = 4; lastKnownFileType = sourcecode.c.h; path = "NSObject+SBJson.h"; sourceTree = "<group>"; };
		B1D4C6071512603F001E6AA2 /* NSObject+SBJson.m */ = {isa = PBXFileReference; fileEncoding = 4; lastKnownFileType = sourcecode.c.objc; path = "NSObject+SBJson.m"; sourceTree = "<group>"; };
		B1D4C6081512603F001E6AA2 /* SBJson.h */ = {isa = PBXFileReference; fileEncoding = 4; lastKnownFileType = sourcecode.c.h; path = SBJson.h; sourceTree = "<group>"; };
		B1D4C6091512603F001E6AA2 /* SBJsonParser.h */ = {isa = PBXFileReference; fileEncoding = 4; lastKnownFileType = sourcecode.c.h; path = SBJsonParser.h; sourceTree = "<group>"; };
		B1D4C60A1512603F001E6AA2 /* SBJsonParser.m */ = {isa = PBXFileReference; fileEncoding = 4; lastKnownFileType = sourcecode.c.objc; path = SBJsonParser.m; sourceTree = "<group>"; };
		B1D4C60B1512603F001E6AA2 /* SBJsonStreamParser.h */ = {isa = PBXFileReference; fileEncoding = 4; lastKnownFileType = sourcecode.c.h; path = SBJsonStreamParser.h; sourceTree = "<group>"; };
		B1D4C60C1512603F001E6AA2 /* SBJsonStreamParser.m */ = {isa = PBXFileReference; fileEncoding = 4; lastKnownFileType = sourcecode.c.objc; path = SBJsonStreamParser.m; sourceTree = "<group>"; };
		B1D4C60D1512603F001E6AA2 /* SBJsonStreamParserAccumulator.h */ = {isa = PBXFileReference; fileEncoding = 4; lastKnownFileType = sourcecode.c.h; path = SBJsonStreamParserAccumulator.h; sourceTree = "<group>"; };
		B1D4C60E1512603F001E6AA2 /* SBJsonStreamParserAccumulator.m */ = {isa = PBXFileReference; fileEncoding = 4; lastKnownFileType = sourcecode.c.objc; path = SBJsonStreamParserAccumulator.m; sourceTree = "<group>"; };
		B1D4C60F1512603F001E6AA2 /* SBJsonStreamParserAdapter.h */ = {isa = PBXFileReference; fileEncoding = 4; lastKnownFileType = sourcecode.c.h; path = SBJsonStreamParserAdapter.h; sourceTree = "<group>"; };
		B1D4C6101512603F001E6AA2 /* SBJsonStreamParserAdapter.m */ = {isa = PBXFileReference; fileEncoding = 4; lastKnownFileType = sourcecode.c.objc; path = SBJsonStreamParserAdapter.m; sourceTree = "<group>"; };
		B1D4C6111512603F001E6AA2 /* SBJsonStreamParserState.h */ = {isa = PBXFileReference; fileEncoding = 4; lastKnownFileType = sourcecode.c.h; path = SBJsonStreamParserState.h; sourceTree = "<group>"; };
		B1D4C6121512603F001E6AA2 /* SBJsonStreamParserState.m */ = {isa = PBXFileReference; fileEncoding = 4; lastKnownFileType = sourcecode.c.objc; path = SBJsonStreamParserState.m; sourceTree = "<group>"; };
		B1D4C6131512603F001E6AA2 /* SBJsonStreamWriter.h */ = {isa = PBXFileReference; fileEncoding = 4; lastKnownFileType = sourcecode.c.h; path = SBJsonStreamWriter.h; sourceTree = "<group>"; };
		B1D4C6141512603F001E6AA2 /* SBJsonStreamWriter.m */ = {isa = PBXFileReference; fileEncoding = 4; lastKnownFileType = sourcecode.c.objc; path = SBJsonStreamWriter.m; sourceTree = "<group>"; };
		B1D4C6151512603F001E6AA2 /* SBJsonStreamWriterAccumulator.h */ = {isa = PBXFileReference; fileEncoding = 4; lastKnownFileType = sourcecode.c.h; path = SBJsonStreamWriterAccumulator.h; sourceTree = "<group>"; };
		B1D4C6161512603F001E6AA2 /* SBJsonStreamWriterAccumulator.m */ = {isa = PBXFileReference; fileEncoding = 4; lastKnownFileType = sourcecode.c.objc; path = SBJsonStreamWriterAccumulator.m; sourceTree = "<group>"; };
		B1D4C6171512603F001E6AA2 /* SBJsonStreamWriterState.h */ = {isa = PBXFileReference; fileEncoding = 4; lastKnownFileType = sourcecode.c.h; path = SBJsonStreamWriterState.h; sourceTree = "<group>"; };
		B1D4C6181512603F001E6AA2 /* SBJsonStreamWriterState.m */ = {isa = PBXFileReference; fileEncoding = 4; lastKnownFileType = sourcecode.c.objc; path = SBJsonStreamWriterState.m; sourceTree = "<group>"; };
		B1D4C6191512603F001E6AA2 /* SBJsonTokeniser.h */ = {isa = PBXFileReference; fileEncoding = 4; lastKnownFileType = sourcecode.c.h; path = SBJsonTokeniser.h; sourceTree = "<group>"; };
		B1D4C61A1512603F001E6AA2 /* SBJsonTokeniser.m */ = {isa = PBXFileReference; fileEncoding = 4; lastKnownFileType = sourcecode.c.objc; path = SBJsonTokeniser.m; sourceTree = "<group>"; };
		B1D4C61B1512603F001E6AA2 /* SBJsonUTF8Stream.h */ = {isa = PBXFileReference; fileEncoding = 4; lastKnownFileType = sourcecode.c.h; path = SBJsonUTF8Stream.h; sourceTree = "<group>"; };
		B1D4C61C1512603F001E6AA2 /* SBJsonUTF8Stream.m */ = {isa = PBXFileReference; fileEncoding = 4; lastKnownFileType = sourcecode.c.objc; path = SBJsonUTF8Stream.m; sourceTree = "<group>"; };
		B1D4C61D1512603F001E6AA2 /* SBJsonWriter.h */ = {isa = PBXFileReference; fileEncoding = 4; lastKnownFileType = sourcecode.c.h; path = SBJsonWriter.h; sourceTree = "<group>"; };
		B1D4C61E1512603F001E6AA2 /* SBJsonWriter.m */ = {isa = PBXFileReference; fileEncoding = 4; lastKnownFileType = sourcecode.c.objc; path = SBJsonWriter.m; sourceTree = "<group>"; };
		B1D4C61F1512603F001E6AA2 /* main.m */ = {isa = PBXFileReference; fileEncoding = 4; lastKnownFileType = sourcecode.c.objc; path = main.m; sourceTree = "<group>"; };
		B1D4C6211512603F001E6AA2 /* VKRequest.h */ = {isa = PBXFileReference; fileEncoding = 4; lastKnownFileType = sourcecode.c.h; path = VKRequest.h; sourceTree = "<group>"; };
		B1D4C6221512603F001E6AA2 /* VKRequest.m */ = {isa = PBXFileReference; fileEncoding = 4; lastKnownFileType = sourcecode.c.objc; path = VKRequest.m; sourceTree = "<group>"; };
		B1D4C6241512603F001E6AA2 /* first.png */ = {isa = PBXFileReference; lastKnownFileType = image.png; path = first.png; sourceTree = "<group>"; };
		B1D4C6251512603F001E6AA2 /* first@2x.png */ = {isa = PBXFileReference; lastKnownFileType = image.png; path = "first@2x.png"; sourceTree = "<group>"; };
		B1D4C6261512603F001E6AA2 /* second.png */ = {isa = PBXFileReference; lastKnownFileType = image.png; path = second.png; sourceTree = "<group>"; };
		B1D4C6271512603F001E6AA2 /* second@2x.png */ = {isa = PBXFileReference; lastKnownFileType = image.png; path = "second@2x.png"; sourceTree = "<group>"; };
		B1D4C6281512603F001E6AA2 /* ru */ = {isa = PBXFileReference; lastKnownFileType = text.plist.strings; name = ru; path = ru.lproj/Localizable.strings; sourceTree = "<group>"; };
		B1D4C6291512603F001E6AA2 /* VKAppDelegate.h */ = {isa = PBXFileReference; fileEncoding = 4; lastKnownFileType = sourcecode.c.h; path = VKAppDelegate.h; sourceTree = "<group>"; };
		B1D4C62A1512603F001E6AA2 /* VKAppDelegate.m */ = {isa = PBXFileReference; fileEncoding = 4; lastKnownFileType = sourcecode.c.objc; path = VKAppDelegate.m; sourceTree = "<group>"; };
		B1D4C62B1512603F001E6AA2 /* vkmessenger-Info.plist */ = {isa = PBXFileReference; fileEncoding = 4; lastKnownFileType = text.plist.xml; path = "vkmessenger-Info.plist"; sourceTree = "<group>"; };
		B1D4C62C1512603F001E6AA2 /* vkmessenger-Prefix.pch */ = {isa = PBXFileReference; fileEncoding = 4; lastKnownFileType = sourcecode.c.h; path = "vkmessenger-Prefix.pch"; sourceTree = "<group>"; };
		B1D4C62E1512603F001E6AA2 /* VKServiceAPI.h */ = {isa = PBXFileReference; fileEncoding = 4; lastKnownFileType = sourcecode.c.h; path = VKServiceAPI.h; sourceTree = "<group>"; };
		B1D4C62F1512603F001E6AA2 /* VKServiceAPI.m */ = {isa = PBXFileReference; fileEncoding = 4; lastKnownFileType = sourcecode.c.objc; path = VKServiceAPI.m; sourceTree = "<group>"; };
		B1D4C66615126051001E6AA2 /* en */ = {isa = PBXFileReference; lastKnownFileType = text.plist.strings; name = en; path = en.lproj/InfoPlist.strings; sourceTree = "<group>"; };
		B1D4C66715126051001E6AA2 /* main.m */ = {isa = PBXFileReference; fileEncoding = 4; lastKnownFileType = sourcecode.c.objc; path = main.m; sourceTree = "<group>"; };
		B1D4C66915126051001E6AA2 /* VKRequestTest.h */ = {isa = PBXFileReference; fileEncoding = 4; lastKnownFileType = sourcecode.c.h; path = VKRequestTest.h; sourceTree = "<group>"; };
		B1D4C66A15126051001E6AA2 /* VKRequestTest.m */ = {isa = PBXFileReference; fileEncoding = 4; lastKnownFileType = sourcecode.c.objc; path = VKRequestTest.m; sourceTree = "<group>"; };
		B1D4C66B15126051001E6AA2 /* RunTests.sh */ = {isa = PBXFileReference; fileEncoding = 4; lastKnownFileType = text.script.sh; path = RunTests.sh; sourceTree = "<group>"; };
		B1D4C66C15126051001E6AA2 /* Tests-Info.plist */ = {isa = PBXFileReference; fileEncoding = 4; lastKnownFileType = text.plist.xml; path = "Tests-Info.plist"; sourceTree = "<group>"; };
		B1D4C66D15126051001E6AA2 /* Tests-Prefix.pch */ = {isa = PBXFileReference; fileEncoding = 4; lastKnownFileType = sourcecode.c.h; path = "Tests-Prefix.pch"; sourceTree = "<group>"; };
		B1D4C66F15126051001E6AA2 /* VKServiceAPITest.h */ = {isa = PBXFileReference; fileEncoding = 4; lastKnownFileType = sourcecode.c.h; path = VKServiceAPITest.h; sourceTree = "<group>"; };
		B1D4C67015126051001E6AA2 /* VKServiceAPITest.m */ = {isa = PBXFileReference; fileEncoding = 4; lastKnownFileType = sourcecode.c.objc; path = VKServiceAPITest.m; sourceTree = "<group>"; };
		B1E6CBC4151084F000B5856B /* libxml2.dylib */ = {isa = PBXFileReference; lastKnownFileType = "compiled.mach-o.dylib"; name = libxml2.dylib; path = usr/lib/libxml2.dylib; sourceTree = SDKROOT; };
/* End PBXFileReference section */

/* Begin PBXFrameworksBuildPhase section */
		B1CCF6D5150BD81300007A33 /* Frameworks */ = {
			isa = PBXFrameworksBuildPhase;
			buildActionMask = 2147483647;
			files = (
				B12BEA1015108A61006B2592 /* CoreData.framework in Frameworks */,
				B12BEA0D151089FE006B2592 /* libxml2.dylib in Frameworks */,
				B1A89BD1150E2E950068BD8C /* SystemConfiguration.framework in Frameworks */,
				B1A89BD0150E2E8B0068BD8C /* MobileCoreServices.framework in Frameworks */,
				B1A89BCF150E2E680068BD8C /* libz.dylib in Frameworks */,
				B1A89BCD150E2E5D0068BD8C /* CFNetwork.framework in Frameworks */,
				B1CCF6DD150BD81300007A33 /* UIKit.framework in Frameworks */,
				B1CCF6DF150BD81300007A33 /* Foundation.framework in Frameworks */,
				B1CCF6E1150BD81300007A33 /* CoreGraphics.framework in Frameworks */,
			);
			runOnlyForDeploymentPostprocessing = 0;
		};
		B1CCF73B150BD93600007A33 /* Frameworks */ = {
			isa = PBXFrameworksBuildPhase;
			buildActionMask = 2147483647;
			files = (
				B1D4C6F215126778001E6AA2 /* GHUnitIOS.framework in Frameworks */,
				B12BEA1115108A68006B2592 /* CoreData.framework in Frameworks */,
				B12BEA0E15108A06006B2592 /* libxml2.dylib in Frameworks */,
				B1CCF79E150BDF0500007A33 /* libz.dylib in Frameworks */,
				B1CCF79C150BDEF300007A33 /* MobileCoreServices.framework in Frameworks */,
				B1CCF79A150BDEEB00007A33 /* SystemConfiguration.framework in Frameworks */,
				B1CCF798150BDEE000007A33 /* CFNetwork.framework in Frameworks */,
				B1CCF740150BD93600007A33 /* UIKit.framework in Frameworks */,
				B1CCF741150BD93600007A33 /* Foundation.framework in Frameworks */,
				B1CCF742150BD93600007A33 /* CoreGraphics.framework in Frameworks */,
			);
			runOnlyForDeploymentPostprocessing = 0;
		};
/* End PBXFrameworksBuildPhase section */

/* Begin PBXGroup section */
		B1CCF6CD150BD81200007A33 = {
			isa = PBXGroup;
			children = (
				B1D4C66415126051001E6AA2 /* Tests */,
				B1D4C5B31512603F001E6AA2 /* vkmessenger */,
				B12BEA0F15108A61006B2592 /* CoreData.framework */,
				B1E6CBC4151084F000B5856B /* libxml2.dylib */,
				B1CCF79D150BDF0500007A33 /* libz.dylib */,
				B1CCF79B150BDEF300007A33 /* MobileCoreServices.framework */,
				B1CCF799150BDEEB00007A33 /* SystemConfiguration.framework */,
				B1CCF797150BDEE000007A33 /* CFNetwork.framework */,
				B1CCF758150BDDF100007A33 /* SBJSON */,
				B1CCF6DB150BD81300007A33 /* Frameworks */,
				B1CCF6D9150BD81300007A33 /* Products */,
			);
			sourceTree = "<group>";
		};
		B1CCF6D9150BD81300007A33 /* Products */ = {
			isa = PBXGroup;
			children = (
				B1CCF6D8150BD81300007A33 /* vkmessenger.app */,
				B1CCF73E150BD93600007A33 /* Tests.app */,
			);
			name = Products;
			sourceTree = "<group>";
		};
		B1CCF6DB150BD81300007A33 /* Frameworks */ = {
			isa = PBXGroup;
			children = (
				B1CCF6DC150BD81300007A33 /* UIKit.framework */,
				B1CCF6DE150BD81300007A33 /* Foundation.framework */,
				B1CCF6E0150BD81300007A33 /* CoreGraphics.framework */,
			);
			name = Frameworks;
			sourceTree = "<group>";
		};
		B1CCF758150BDDF100007A33 /* SBJSON */ = {
			isa = PBXGroup;
			children = (
				B1CCF75A150BDDF100007A33 /* NSObject+SBJson.h */,
				B1CCF75B150BDDF100007A33 /* NSObject+SBJson.m */,
				B1CCF75C150BDDF100007A33 /* SBJson.h */,
				B1CCF75D150BDDF100007A33 /* SBJsonParser.h */,
				B1CCF75E150BDDF100007A33 /* SBJsonParser.m */,
				B1CCF75F150BDDF100007A33 /* SBJsonStreamParser.h */,
				B1CCF760150BDDF100007A33 /* SBJsonStreamParser.m */,
				B1CCF761150BDDF100007A33 /* SBJsonStreamParserAccumulator.h */,
				B1CCF762150BDDF100007A33 /* SBJsonStreamParserAccumulator.m */,
				B1CCF763150BDDF100007A33 /* SBJsonStreamParserAdapter.h */,
				B1CCF764150BDDF100007A33 /* SBJsonStreamParserAdapter.m */,
				B1CCF765150BDDF100007A33 /* SBJsonStreamParserState.h */,
				B1CCF766150BDDF100007A33 /* SBJsonStreamParserState.m */,
				B1CCF767150BDDF100007A33 /* SBJsonStreamWriter.h */,
				B1CCF768150BDDF100007A33 /* SBJsonStreamWriter.m */,
				B1CCF769150BDDF100007A33 /* SBJsonStreamWriterAccumulator.h */,
				B1CCF76A150BDDF100007A33 /* SBJsonStreamWriterAccumulator.m */,
				B1CCF76B150BDDF100007A33 /* SBJsonStreamWriterState.h */,
				B1CCF76C150BDDF100007A33 /* SBJsonStreamWriterState.m */,
				B1CCF76D150BDDF100007A33 /* SBJsonTokeniser.h */,
				B1CCF76E150BDDF100007A33 /* SBJsonTokeniser.m */,
				B1CCF76F150BDDF100007A33 /* SBJsonUTF8Stream.h */,
				B1CCF770150BDDF100007A33 /* SBJsonUTF8Stream.m */,
				B1CCF771150BDDF100007A33 /* SBJsonWriter.h */,
				B1CCF772150BDDF100007A33 /* SBJsonWriter.m */,
			);
			name = SBJSON;
			path = vkmessanger/Libs/SBJSON;
			sourceTree = "<group>";
		};
		B1D4C5B31512603F001E6AA2 /* vkmessenger */ = {
			isa = PBXGroup;
			children = (
				B1D4C5B41512603F001E6AA2 /* Controllers */,
				B1D4C5BE1512603F001E6AA2 /* Localizable.strings */,
				B1D4C5C01512603F001E6AA2 /* ExampleIoC */,
				B1D4C5C71512603F001E6AA2 /* Libs */,
				B1D4C61F1512603F001E6AA2 /* main.m */,
				B1D4C6201512603F001E6AA2 /* Requests */,
				B1D4C6231512603F001E6AA2 /* Resources */,
				B1D4C6291512603F001E6AA2 /* VKAppDelegate.h */,
				B1D4C62A1512603F001E6AA2 /* VKAppDelegate.m */,
				B1D4C62B1512603F001E6AA2 /* vkmessenger-Info.plist */,
				B1D4C62C1512603F001E6AA2 /* vkmessenger-Prefix.pch */,
				B1D4C62D1512603F001E6AA2 /* VKServiceAPI */,
			);
			path = vkmessenger;
			sourceTree = "<group>";
		};
		B1D4C5B41512603F001E6AA2 /* Controllers */ = {
			isa = PBXGroup;
			children = (
				B1D4C5B51512603F001E6AA2 /* VKLoginViewController.xib */,
				B1D4C5B81512603F001E6AA2 /* VKApplicationController.h */,
				B1D4C5B91512603F001E6AA2 /* VKApplicationController.m */,
				B1D4C5BA1512603F001E6AA2 /* VKApplicationController.xib */,
				B1D4C5BB1512603F001E6AA2 /* VKLoginViewController.h */,
				B1D4C5BC1512603F001E6AA2 /* VKLoginViewController.m */,
				B1D4C5BD1512603F001E6AA2 /* VKWindow.xib */,
			);
			path = Controllers;
			sourceTree = "<group>";
		};
		B1D4C5C01512603F001E6AA2 /* ExampleIoC */ = {
			isa = PBXGroup;
			children = (
				B1D4C5C11512603F001E6AA2 /* ExampleService.h */,
				B1D4C5C21512603F001E6AA2 /* ExampleServiceImpl.h */,
				B1D4C5C31512603F001E6AA2 /* ExampleServiceImpl.m */,
				B1D4C5C41512603F001E6AA2 /* ServiceExecutor.h */,
				B1D4C5C51512603F001E6AA2 /* ServiceExecutorImpl.h */,
				B1D4C5C61512603F001E6AA2 /* ServiceExecutorImpl.m */,
			);
			path = ExampleIoC;
			sourceTree = "<group>";
		};
		B1D4C5C71512603F001E6AA2 /* Libs */ = {
			isa = PBXGroup;
			children = (
				B1D4C5C81512603F001E6AA2 /* ASIHTTPRequest */,
				B1D4C5DF1512603F001E6AA2 /* GHUnitIOS.framework */,
				B1D4C5E01512603F001E6AA2 /* Oxen */,
				B1D4C6051512603F001E6AA2 /* SBJSON */,
			);
			path = Libs;
			sourceTree = "<group>";
		};
		B1D4C5C81512603F001E6AA2 /* ASIHTTPRequest */ = {
			isa = PBXGroup;
			children = (
				B1D4C5C91512603F001E6AA2 /* ASIAuthenticationDialog.h */,
				B1D4C5CA1512603F001E6AA2 /* ASIAuthenticationDialog.m */,
				B1D4C5CB1512603F001E6AA2 /* ASICacheDelegate.h */,
				B1D4C5CC1512603F001E6AA2 /* ASIDataCompressor.h */,
				B1D4C5CD1512603F001E6AA2 /* ASIDataCompressor.m */,
				B1D4C5CE1512603F001E6AA2 /* ASIDataDecompressor.h */,
				B1D4C5CF1512603F001E6AA2 /* ASIDataDecompressor.m */,
				B1D4C5D01512603F001E6AA2 /* ASIDownloadCache.h */,
				B1D4C5D11512603F001E6AA2 /* ASIDownloadCache.m */,
				B1D4C5D21512603F001E6AA2 /* ASIFormDataRequest.h */,
				B1D4C5D31512603F001E6AA2 /* ASIFormDataRequest.m */,
				B1D4C5D41512603F001E6AA2 /* ASIHTTPRequest.h */,
				B1D4C5D51512603F001E6AA2 /* ASIHTTPRequest.m */,
				B1D4C5D61512603F001E6AA2 /* ASIHTTPRequestConfig.h */,
				B1D4C5D71512603F001E6AA2 /* ASIHTTPRequestDelegate.h */,
				B1D4C5D81512603F001E6AA2 /* ASIInputStream.h */,
				B1D4C5D91512603F001E6AA2 /* ASIInputStream.m */,
				B1D4C5DA1512603F001E6AA2 /* ASINetworkQueue.h */,
				B1D4C5DB1512603F001E6AA2 /* ASINetworkQueue.m */,
				B1D4C5DC1512603F001E6AA2 /* ASIProgressDelegate.h */,
				B1D4C5DD1512603F001E6AA2 /* Reachability.h */,
				B1D4C5DE1512603F001E6AA2 /* Reachability.m */,
			);
			path = ASIHTTPRequest;
			sourceTree = "<group>";
		};
		B1D4C5E01512603F001E6AA2 /* Oxen */ = {
			isa = PBXGroup;
			children = (
				B1D4C5E11512603F001E6AA2 /* Container */,
				B1D4C5F61512603F001E6AA2 /* Wrapper */,
			);
			path = Oxen;
			sourceTree = "<group>";
		};
		B1D4C5E11512603F001E6AA2 /* Container */ = {
			isa = PBXGroup;
			children = (
				B1D4C5E21512603F001E6AA2 /* OxICContainer.h */,
				B1D4C5E31512603F001E6AA2 /* OxICContainer.m */,
				B1D4C5E41512603F001E6AA2 /* OxICContainerBuilderDelegate.h */,
				B1D4C5E51512603F001E6AA2 /* OxICDefaultFactoryObject.h */,
				B1D4C5E61512603F001E6AA2 /* OxICDefaultFactoryObject.m */,
				B1D4C5E71512603F001E6AA2 /* OxICFactoryObject.h */,
				B1D4C5E81512603F001E6AA2 /* OxICLazyProxy.h */,
				B1D4C5E91512603F001E6AA2 /* OxICLazyProxy.m */,
				B1D4C5EA1512603F001E6AA2 /* OxICLazyProxyFactoryObject.h */,
				B1D4C5EB1512603F001E6AA2 /* OxICLazyProxyFactoryObject.m */,
				B1D4C5EC1512603F001E6AA2 /* OxICManagedObjectModelFactoryObject.h */,
				B1D4C5ED1512603F001E6AA2 /* OxICManagedObjectModelFactoryObject.m */,
				B1D4C5EE1512603F001E6AA2 /* OxICNibFactoryObject.h */,
				B1D4C5EF1512603F001E6AA2 /* OxICNibFactoryObject.m */,
				B1D4C5F01512603F001E6AA2 /* OxICObjectDefinition.h */,
				B1D4C5F11512603F001E6AA2 /* OxICObjectDefinition.m */,
				B1D4C5F21512603F001E6AA2 /* OxICPersistentStoreCoordinatorFactoryObject.h */,
				B1D4C5F31512603F001E6AA2 /* OxICPersistentStoreCoordinatorFactoryObject.m */,
				B1D4C5F41512603F001E6AA2 /* OxICViewControllerFactoryObject.h */,
				B1D4C5F51512603F001E6AA2 /* OxICViewControllerFactoryObject.m */,
			);
			path = Container;
			sourceTree = "<group>";
		};
		B1D4C5F61512603F001E6AA2 /* Wrapper */ = {
			isa = PBXGroup;
			children = (
				B1D4C5F71512603F001E6AA2 /* API */,
				B1D4C5FD1512603F001E6AA2 /* Impl */,
			);
			path = Wrapper;
			sourceTree = "<group>";
		};
		B1D4C5F71512603F001E6AA2 /* API */ = {
			isa = PBXGroup;
			children = (
				B1D4C5F81512603F001E6AA2 /* OxICClassWrapper.h */,
				B1D4C5F91512603F001E6AA2 /* OxICObjectWrapper.h */,
				B1D4C5FA1512603F001E6AA2 /* OxICPropertyDescriptor.h */,
				B1D4C5FB1512603F001E6AA2 /* OxICPropertyDescriptor.m */,
				B1D4C5FC1512603F001E6AA2 /* OxICWrapperFactory.h */,
			);
			path = API;
			sourceTree = "<group>";
		};
		B1D4C5FD1512603F001E6AA2 /* Impl */ = {
			isa = PBXGroup;
			children = (
				B1D4C5FE1512603F001E6AA2 /* Simple */,
			);
			path = Impl;
			sourceTree = "<group>";
		};
		B1D4C5FE1512603F001E6AA2 /* Simple */ = {
			isa = PBXGroup;
			children = (
				B1D4C5FF1512603F001E6AA2 /* OxICSimpleClassWrapper.h */,
				B1D4C6001512603F001E6AA2 /* OxICSimpleClassWrapper.m */,
				B1D4C6011512603F001E6AA2 /* OxICSimpleObjectWrapper.h */,
				B1D4C6021512603F001E6AA2 /* OxICSimpleObjectWrapper.m */,
				B1D4C6031512603F001E6AA2 /* OxICSimpleWrapperFactory.h */,
				B1D4C6041512603F001E6AA2 /* OxICSimpleWrapperFactory.m */,
			);
			path = Simple;
			sourceTree = "<group>";
		};
		B1D4C6051512603F001E6AA2 /* SBJSON */ = {
			isa = PBXGroup;
			children = (
				B1D4C6061512603F001E6AA2 /* NSObject+SBJson.h */,
				B1D4C6071512603F001E6AA2 /* NSObject+SBJson.m */,
				B1D4C6081512603F001E6AA2 /* SBJson.h */,
				B1D4C6091512603F001E6AA2 /* SBJsonParser.h */,
				B1D4C60A1512603F001E6AA2 /* SBJsonParser.m */,
				B1D4C60B1512603F001E6AA2 /* SBJsonStreamParser.h */,
				B1D4C60C1512603F001E6AA2 /* SBJsonStreamParser.m */,
				B1D4C60D1512603F001E6AA2 /* SBJsonStreamParserAccumulator.h */,
				B1D4C60E1512603F001E6AA2 /* SBJsonStreamParserAccumulator.m */,
				B1D4C60F1512603F001E6AA2 /* SBJsonStreamParserAdapter.h */,
				B1D4C6101512603F001E6AA2 /* SBJsonStreamParserAdapter.m */,
				B1D4C6111512603F001E6AA2 /* SBJsonStreamParserState.h */,
				B1D4C6121512603F001E6AA2 /* SBJsonStreamParserState.m */,
				B1D4C6131512603F001E6AA2 /* SBJsonStreamWriter.h */,
				B1D4C6141512603F001E6AA2 /* SBJsonStreamWriter.m */,
				B1D4C6151512603F001E6AA2 /* SBJsonStreamWriterAccumulator.h */,
				B1D4C6161512603F001E6AA2 /* SBJsonStreamWriterAccumulator.m */,
				B1D4C6171512603F001E6AA2 /* SBJsonStreamWriterState.h */,
				B1D4C6181512603F001E6AA2 /* SBJsonStreamWriterState.m */,
				B1D4C6191512603F001E6AA2 /* SBJsonTokeniser.h */,
				B1D4C61A1512603F001E6AA2 /* SBJsonTokeniser.m */,
				B1D4C61B1512603F001E6AA2 /* SBJsonUTF8Stream.h */,
				B1D4C61C1512603F001E6AA2 /* SBJsonUTF8Stream.m */,
				B1D4C61D1512603F001E6AA2 /* SBJsonWriter.h */,
				B1D4C61E1512603F001E6AA2 /* SBJsonWriter.m */,
			);
			path = SBJSON;
			sourceTree = "<group>";
		};
		B1D4C6201512603F001E6AA2 /* Requests */ = {
			isa = PBXGroup;
			children = (
				B1D4C6211512603F001E6AA2 /* VKRequest.h */,
				B1D4C6221512603F001E6AA2 /* VKRequest.m */,
			);
			path = Requests;
			sourceTree = "<group>";
		};
		B1D4C6231512603F001E6AA2 /* Resources */ = {
			isa = PBXGroup;
			children = (
				B1D4C6241512603F001E6AA2 /* first.png */,
				B1D4C6251512603F001E6AA2 /* first@2x.png */,
				B1D4C6261512603F001E6AA2 /* second.png */,
				B1D4C6271512603F001E6AA2 /* second@2x.png */,
			);
			path = Resources;
			sourceTree = "<group>";
		};
		B1D4C62D1512603F001E6AA2 /* VKServiceAPI */ = {
			isa = PBXGroup;
			children = (
				B1D4C62E1512603F001E6AA2 /* VKServiceAPI.h */,
				B1D4C62F1512603F001E6AA2 /* VKServiceAPI.m */,
			);
			path = VKServiceAPI;
			sourceTree = "<group>";
		};
		B1D4C66415126051001E6AA2 /* Tests */ = {
			isa = PBXGroup;
			children = (
				B1D4C66515126051001E6AA2 /* InfoPlist.strings */,
				B1D4C66715126051001E6AA2 /* main.m */,
				B1D4C66815126051001E6AA2 /* Requests */,
				B1D4C66B15126051001E6AA2 /* RunTests.sh */,
				B1D4C66C15126051001E6AA2 /* Tests-Info.plist */,
				B1D4C66D15126051001E6AA2 /* Tests-Prefix.pch */,
				B1D4C66E15126051001E6AA2 /* VKServiceAPI */,
			);
			path = Tests;
			sourceTree = "<group>";
		};
		B1D4C66815126051001E6AA2 /* Requests */ = {
			isa = PBXGroup;
			children = (
				B1D4C66915126051001E6AA2 /* VKRequestTest.h */,
				B1D4C66A15126051001E6AA2 /* VKRequestTest.m */,
			);
			path = Requests;
			sourceTree = "<group>";
		};
		B1D4C66E15126051001E6AA2 /* VKServiceAPI */ = {
			isa = PBXGroup;
			children = (
				B1D4C66F15126051001E6AA2 /* VKServiceAPITest.h */,
				B1D4C67015126051001E6AA2 /* VKServiceAPITest.m */,
			);
			path = VKServiceAPI;
			sourceTree = "<group>";
		};
/* End PBXGroup section */

/* Begin PBXNativeTarget section */
		B1CCF6D7150BD81300007A33 /* vkmessenger */ = {
			isa = PBXNativeTarget;
			buildConfigurationList = B1CCF704150BD81300007A33 /* Build configuration list for PBXNativeTarget "vkmessenger" */;
			buildPhases = (
				B1CCF6D4150BD81300007A33 /* Sources */,
				B1CCF6D5150BD81300007A33 /* Frameworks */,
				B1CCF6D6150BD81300007A33 /* Resources */,
			);
			buildRules = (
			);
			dependencies = (
			);
			name = vkmessenger;
			productName = vkmessanger;
			productReference = B1CCF6D8150BD81300007A33 /* vkmessenger.app */;
			productType = "com.apple.product-type.application";
		};
		B1CCF73D150BD93600007A33 /* Tests */ = {
			isa = PBXNativeTarget;
			buildConfigurationList = B1CCF74F150BD93600007A33 /* Build configuration list for PBXNativeTarget "Tests" */;
			buildPhases = (
				B1CCF73A150BD93600007A33 /* Sources */,
				B1CCF73B150BD93600007A33 /* Frameworks */,
				B1CCF73C150BD93600007A33 /* Resources */,
				B1186C901510D53F0057237B /* ShellScript */,
			);
			buildRules = (
			);
			dependencies = (
			);
			name = Tests;
			productName = Tests;
			productReference = B1CCF73E150BD93600007A33 /* Tests.app */;
			productType = "com.apple.product-type.application";
		};
/* End PBXNativeTarget section */

/* Begin PBXProject section */
		B1CCF6CF150BD81200007A33 /* Project object */ = {
			isa = PBXProject;
			attributes = {
				LastUpgradeCheck = 0420;
			};
			buildConfigurationList = B1CCF6D2150BD81200007A33 /* Build configuration list for PBXProject "vkmessenger" */;
			compatibilityVersion = "Xcode 3.2";
			developmentRegion = English;
			hasScannedForEncodings = 0;
			knownRegions = (
				en,
				ru,
			);
			mainGroup = B1CCF6CD150BD81200007A33;
			productRefGroup = B1CCF6D9150BD81300007A33 /* Products */;
			projectDirPath = "";
			projectRoot = "";
			targets = (
				B1CCF6D7150BD81300007A33 /* vkmessenger */,
				B1CCF73D150BD93600007A33 /* Tests */,
			);
		};
/* End PBXProject section */

/* Begin PBXResourcesBuildPhase section */
		B1CCF6D6150BD81300007A33 /* Resources */ = {
			isa = PBXResourcesBuildPhase;
			buildActionMask = 2147483647;
			files = (
				B1D4C6301512603F001E6AA2 /* VKLoginViewController.xib in Resources */,
				B1D4C6321512603F001E6AA2 /* VKApplicationController.xib in Resources */,
				B1D4C6341512603F001E6AA2 /* VKWindow.xib in Resources */,
				B1D4C6351512603F001E6AA2 /* Localizable.strings in Resources */,
				B1D4C65D1512603F001E6AA2 /* first.png in Resources */,
				B1D4C65E1512603F001E6AA2 /* first@2x.png in Resources */,
				B1D4C65F1512603F001E6AA2 /* second.png in Resources */,
				B1D4C6601512603F001E6AA2 /* second@2x.png in Resources */,
				B1D4C6621512603F001E6AA2 /* vkmessenger-Info.plist in Resources */,
				B1D4C67115126051001E6AA2 /* InfoPlist.strings in Resources */,
				B1D4C67415126051001E6AA2 /* RunTests.sh in Resources */,
				B1D4C67515126051001E6AA2 /* Tests-Info.plist in Resources */,
			);
			runOnlyForDeploymentPostprocessing = 0;
		};
		B1CCF73C150BD93600007A33 /* Resources */ = {
			isa = PBXResourcesBuildPhase;
			buildActionMask = 2147483647;
			files = (
			);
			runOnlyForDeploymentPostprocessing = 0;
		};
/* End PBXResourcesBuildPhase section */

/* Begin PBXShellScriptBuildPhase section */
		B1186C901510D53F0057237B /* ShellScript */ = {
			isa = PBXShellScriptBuildPhase;
			buildActionMask = 2147483647;
			files = (
			);
			inputPaths = (
			);
			outputPaths = (
			);
			runOnlyForDeploymentPostprocessing = 0;
			shellPath = /bin/sh;
			shellScript = "sh Tests/RunTests.sh";
		};
/* End PBXShellScriptBuildPhase section */

/* Begin PBXSourcesBuildPhase section */
		B1CCF6D4150BD81300007A33 /* Sources */ = {
			isa = PBXSourcesBuildPhase;
			buildActionMask = 2147483647;
			files = (
				B1D4C6311512603F001E6AA2 /* VKApplicationController.m in Sources */,
				B1D4C6331512603F001E6AA2 /* VKLoginViewController.m in Sources */,
				B1D4C6361512603F001E6AA2 /* ExampleServiceImpl.m in Sources */,
				B1D4C6371512603F001E6AA2 /* ServiceExecutorImpl.m in Sources */,
				B1D4C6381512603F001E6AA2 /* ASIAuthenticationDialog.m in Sources */,
				B1D4C6391512603F001E6AA2 /* ASIDataCompressor.m in Sources */,
				B1D4C63A1512603F001E6AA2 /* ASIDataDecompressor.m in Sources */,
				B1D4C63B1512603F001E6AA2 /* ASIDownloadCache.m in Sources */,
				B1D4C63C1512603F001E6AA2 /* ASIFormDataRequest.m in Sources */,
				B1D4C63D1512603F001E6AA2 /* ASIHTTPRequest.m in Sources */,
				B1D4C63E1512603F001E6AA2 /* ASIInputStream.m in Sources */,
				B1D4C63F1512603F001E6AA2 /* ASINetworkQueue.m in Sources */,
				B1D4C6401512603F001E6AA2 /* Reachability.m in Sources */,
				B1D4C6421512603F001E6AA2 /* OxICContainer.m in Sources */,
				B1D4C6431512603F001E6AA2 /* OxICDefaultFactoryObject.m in Sources */,
				B1D4C6441512603F001E6AA2 /* OxICLazyProxy.m in Sources */,
				B1D4C6451512603F001E6AA2 /* OxICLazyProxyFactoryObject.m in Sources */,
				B1D4C6461512603F001E6AA2 /* OxICManagedObjectModelFactoryObject.m in Sources */,
				B1D4C6471512603F001E6AA2 /* OxICNibFactoryObject.m in Sources */,
				B1D4C6481512603F001E6AA2 /* OxICObjectDefinition.m in Sources */,
				B1D4C6491512603F001E6AA2 /* OxICPersistentStoreCoordinatorFactoryObject.m in Sources */,
				B1D4C64A1512603F001E6AA2 /* OxICViewControllerFactoryObject.m in Sources */,
				B1D4C64B1512603F001E6AA2 /* OxICPropertyDescriptor.m in Sources */,
				B1D4C64C1512603F001E6AA2 /* OxICSimpleClassWrapper.m in Sources */,
				B1D4C64D1512603F001E6AA2 /* OxICSimpleObjectWrapper.m in Sources */,
				B1D4C64E1512603F001E6AA2 /* OxICSimpleWrapperFactory.m in Sources */,
				B1D4C64F1512603F001E6AA2 /* NSObject+SBJson.m in Sources */,
				B1D4C6501512603F001E6AA2 /* SBJsonParser.m in Sources */,
				B1D4C6511512603F001E6AA2 /* SBJsonStreamParser.m in Sources */,
				B1D4C6521512603F001E6AA2 /* SBJsonStreamParserAccumulator.m in Sources */,
				B1D4C6531512603F001E6AA2 /* SBJsonStreamParserAdapter.m in Sources */,
				B1D4C6541512603F001E6AA2 /* SBJsonStreamParserState.m in Sources */,
				B1D4C6551512603F001E6AA2 /* SBJsonStreamWriter.m in Sources */,
				B1D4C6561512603F001E6AA2 /* SBJsonStreamWriterAccumulator.m in Sources */,
				B1D4C6571512603F001E6AA2 /* SBJsonStreamWriterState.m in Sources */,
				B1D4C6581512603F001E6AA2 /* SBJsonTokeniser.m in Sources */,
				B1D4C6591512603F001E6AA2 /* SBJsonUTF8Stream.m in Sources */,
				B1D4C65A1512603F001E6AA2 /* SBJsonWriter.m in Sources */,
				B1D4C65B1512603F001E6AA2 /* main.m in Sources */,
				B1D4C65C1512603F001E6AA2 /* VKRequest.m in Sources */,
				B1D4C6611512603F001E6AA2 /* VKAppDelegate.m in Sources */,
				B1D4C6631512603F001E6AA2 /* VKServiceAPI.m in Sources */,
			);
			runOnlyForDeploymentPostprocessing = 0;
		};
		B1CCF73A150BD93600007A33 /* Sources */ = {
			isa = PBXSourcesBuildPhase;
			buildActionMask = 2147483647;
			files = (
				B1D4C6CC15126564001E6AA2 /* ASIAuthenticationDialog.m in Sources */,
				B1D4C6CD15126574001E6AA2 /* ASIDataCompressor.m in Sources */,
				B1D4C6CE15126574001E6AA2 /* ASIDataDecompressor.m in Sources */,
				B1D4C6CF151266D4001E6AA2 /* ASIFormDataRequest.m in Sources */,
				B1D4C6D0151266D4001E6AA2 /* ASIHTTPRequest.m in Sources */,
				B1D4C6D1151266D4001E6AA2 /* ASIInputStream.m in Sources */,
				B1D4C6D2151266D4001E6AA2 /* ASINetworkQueue.m in Sources */,
				B1D4C6D3151266D4001E6AA2 /* Reachability.m in Sources */,
				B1D4C6D4151266F9001E6AA2 /* OxICContainer.m in Sources */,
				B1D4C6D5151266F9001E6AA2 /* OxICDefaultFactoryObject.m in Sources */,
				B1D4C6D6151266F9001E6AA2 /* OxICLazyProxy.m in Sources */,
				B1D4C6D7151266F9001E6AA2 /* OxICLazyProxyFactoryObject.m in Sources */,
				B1D4C6D8151266F9001E6AA2 /* OxICManagedObjectModelFactoryObject.m in Sources */,
				B1D4C6D9151266F9001E6AA2 /* OxICNibFactoryObject.m in Sources */,
				B1D4C6DA151266F9001E6AA2 /* OxICObjectDefinition.m in Sources */,
				B1D4C6DB151266F9001E6AA2 /* OxICPersistentStoreCoordinatorFactoryObject.m in Sources */,
				B1D4C6DC151266F9001E6AA2 /* OxICViewControllerFactoryObject.m in Sources */,
				B1D4C6DD15126703001E6AA2 /* OxICPropertyDescriptor.m in Sources */,
				B1D4C6DE1512670E001E6AA2 /* OxICSimpleClassWrapper.m in Sources */,
				B1D4C6DF1512670E001E6AA2 /* OxICSimpleObjectWrapper.m in Sources */,
				B1D4C6E01512670E001E6AA2 /* OxICSimpleWrapperFactory.m in Sources */,
				B1D4C6E115126720001E6AA2 /* NSObject+SBJson.m in Sources */,
				B1D4C6E215126720001E6AA2 /* SBJsonParser.m in Sources */,
				B1D4C6E315126720001E6AA2 /* SBJsonStreamParser.m in Sources */,
				B1D4C6E415126720001E6AA2 /* SBJsonStreamParserAccumulator.m in Sources */,
				B1D4C6E515126720001E6AA2 /* SBJsonStreamParserAdapter.m in Sources */,
				B1D4C6E615126720001E6AA2 /* SBJsonStreamParserState.m in Sources */,
				B1D4C6E715126720001E6AA2 /* SBJsonStreamWriter.m in Sources */,
				B1D4C6E815126720001E6AA2 /* SBJsonStreamWriterAccumulator.m in Sources */,
				B1D4C6E915126720001E6AA2 /* SBJsonStreamWriterState.m in Sources */,
				B1D4C6EA15126720001E6AA2 /* SBJsonTokeniser.m in Sources */,
				B1D4C6EB15126720001E6AA2 /* SBJsonUTF8Stream.m in Sources */,
				B1D4C6EC15126720001E6AA2 /* SBJsonWriter.m in Sources */,
				B1D4C6ED15126731001E6AA2 /* VKRequest.m in Sources */,
				B1D4C6EE15126737001E6AA2 /* VKServiceAPI.m in Sources */,
				B1D4C6EF15126747001E6AA2 /* main.m in Sources */,
				B1D4C6F015126751001E6AA2 /* VKServiceAPITest.m in Sources */,
				B1D4C6F115126756001E6AA2 /* VKRequestTest.m in Sources */,
			);
			runOnlyForDeploymentPostprocessing = 0;
		};
/* End PBXSourcesBuildPhase section */

/* Begin PBXVariantGroup section */
		B1D4C5B51512603F001E6AA2 /* VKLoginViewController.xib */ = {
			isa = PBXVariantGroup;
			children = (
				B1D4C5B61512603F001E6AA2 /* en */,
				B1D4C5B71512603F001E6AA2 /* ru */,
			);
			name = VKLoginViewController.xib;
			sourceTree = "<group>";
		};
		B1D4C5BE1512603F001E6AA2 /* Localizable.strings */ = {
			isa = PBXVariantGroup;
			children = (
				B1D4C5BF1512603F001E6AA2 /* en */,
				B1D4C6281512603F001E6AA2 /* ru */,
			);
			name = Localizable.strings;
			sourceTree = "<group>";
		};
		B1D4C66515126051001E6AA2 /* InfoPlist.strings */ = {
			isa = PBXVariantGroup;
			children = (
				B1D4C66615126051001E6AA2 /* en */,
			);
			name = InfoPlist.strings;
			sourceTree = "<group>";
		};
/* End PBXVariantGroup section */

/* Begin XCBuildConfiguration section */
		B1CCF702150BD81300007A33 /* Debug */ = {
			isa = XCBuildConfiguration;
			buildSettings = {
				ALWAYS_SEARCH_USER_PATHS = YES;
				ARCHS = "$(ARCHS_STANDARD_32_BIT)";
				CLANG_WARN_DEPRECATED_OBJC_IMPLEMENTATIONS = YES;
				"CODE_SIGN_IDENTITY[sdk=iphoneos*]" = "iPhone Developer";
				COPY_PHASE_STRIP = NO;
				GCC_C_LANGUAGE_STANDARD = gnu99;
				GCC_DYNAMIC_NO_PIC = NO;
				GCC_GENERATE_TEST_COVERAGE_FILES = YES;
				GCC_OPTIMIZATION_LEVEL = 0;
				GCC_PREPROCESSOR_DEFINITIONS = (
					"DEBUG=1",
					"$(inherited)",
				);
				GCC_SYMBOLS_PRIVATE_EXTERN = NO;
				GCC_TREAT_WARNINGS_AS_ERRORS = YES;
				GCC_VERSION = com.apple.compilers.llvm.clang.1_0;
				GCC_WARN_64_TO_32_BIT_CONVERSION = YES;
				GCC_WARN_ABOUT_MISSING_PROTOTYPES = YES;
				GCC_WARN_ABOUT_RETURN_TYPE = YES;
				GCC_WARN_SHADOW = NO;
				GCC_WARN_UNUSED_PARAMETER = NO;
				GCC_WARN_UNUSED_VARIABLE = YES;
				HEADER_SEARCH_PATHS = "";
				"HEADER_SEARCH_PATHS[arch=*]" = "";
				IPHONEOS_DEPLOYMENT_TARGET = 4.0;
				OTHER_LDFLAGS = (
					"-ObjC",
					"-all_load",
					"-lxml2",
				);
				RUN_CLANG_STATIC_ANALYZER = YES;
				SDKROOT = iphoneos;
				USER_HEADER_SEARCH_PATHS = "/usr/include/libxml2/**";
			};
			name = Debug;
		};
		B1CCF703150BD81300007A33 /* Release */ = {
			isa = XCBuildConfiguration;
			buildSettings = {
				ALWAYS_SEARCH_USER_PATHS = YES;
				ARCHS = (
					armv7,
					armv6,
				);
				CLANG_WARN_DEPRECATED_OBJC_IMPLEMENTATIONS = YES;
				CODE_SIGN_IDENTITY = "iPhone Distribution: Flexis ZAO";
				"CODE_SIGN_IDENTITY[sdk=iphoneos*]" = "iPhone Distribution: Flexis ZAO";
				COPY_PHASE_STRIP = YES;
				GCC_C_LANGUAGE_STANDARD = gnu99;
				GCC_GENERATE_TEST_COVERAGE_FILES = YES;
				GCC_TREAT_WARNINGS_AS_ERRORS = YES;
				GCC_VERSION = com.apple.compilers.llvm.clang.1_0;
				GCC_WARN_64_TO_32_BIT_CONVERSION = YES;
				GCC_WARN_ABOUT_MISSING_PROTOTYPES = YES;
				GCC_WARN_ABOUT_RETURN_TYPE = YES;
				GCC_WARN_SHADOW = NO;
				GCC_WARN_UNUSED_PARAMETER = NO;
				GCC_WARN_UNUSED_VARIABLE = YES;
				HEADER_SEARCH_PATHS = "";
				IPHONEOS_DEPLOYMENT_TARGET = 4.0;
				OTHER_CFLAGS = "-DNS_BLOCK_ASSERTIONS=1";
				OTHER_LDFLAGS = (
					"-ObjC",
					"-all_load",
					"-lxml2",
				);
				PROVISIONING_PROFILE = "2BE7349A-262D-406B-8EEE-E2F3A8C9D1F0";
				"PROVISIONING_PROFILE[sdk=iphoneos*]" = "2BE7349A-262D-406B-8EEE-E2F3A8C9D1F0";
				RUN_CLANG_STATIC_ANALYZER = YES;
				SDKROOT = iphoneos;
				USER_HEADER_SEARCH_PATHS = "/usr/include/libxml2/**";
				VALIDATE_PRODUCT = YES;
			};
			name = Release;
		};
		B1CCF705150BD81300007A33 /* Debug */ = {
			isa = XCBuildConfiguration;
			buildSettings = {
				FRAMEWORK_SEARCH_PATHS = (
					"$(inherited)",
					"\"$(SRCROOT)/vkmessenger/Libs\"",
				);
				GCC_PRECOMPILE_PREFIX_HEADER = YES;
				GCC_PREFIX_HEADER = "vkmessenger/vkmessenger-Prefix.pch";
				INFOPLIST_FILE = "vkmessenger/vkmessenger-Info.plist";
				PRODUCT_NAME = "$(TARGET_NAME)";
				WRAPPER_EXTENSION = app;
			};
			name = Debug;
		};
		B1CCF706150BD81300007A33 /* Release */ = {
			isa = XCBuildConfiguration;
			buildSettings = {
				FRAMEWORK_SEARCH_PATHS = (
					"$(inherited)",
					"\"$(SRCROOT)/vkmessenger/Libs\"",
				);
				GCC_PRECOMPILE_PREFIX_HEADER = YES;
				GCC_PREFIX_HEADER = "vkmessenger/vkmessenger-Prefix.pch";
				INFOPLIST_FILE = "vkmessenger/vkmessenger-Info.plist";
				PRODUCT_NAME = "$(TARGET_NAME)";
				WRAPPER_EXTENSION = app;
			};
			name = Release;
		};
		B1CCF750150BD93600007A33 /* Debug */ = {
			isa = XCBuildConfiguration;
			buildSettings = {
				"CODE_SIGN_IDENTITY[sdk=iphoneos*]" = "iPhone Developer";
				FRAMEWORK_SEARCH_PATHS = (
					"$(inherited)",
					"\"$(SRCROOT)/vkmessenger/Libs\"",
				);
				GCC_PRECOMPILE_PREFIX_HEADER = YES;
				GCC_PREFIX_HEADER = "Tests/Tests-Prefix.pch";
				INFOPLIST_FILE = "Tests/Tests-Info.plist";
				PRODUCT_NAME = "$(TARGET_NAME)";
				WRAPPER_EXTENSION = app;
			};
			name = Debug;
		};
		B1CCF751150BD93600007A33 /* Release */ = {
			isa = XCBuildConfiguration;
			buildSettings = {
				"CODE_SIGN_IDENTITY[sdk=iphoneos*]" = "iPhone Developer";
				FRAMEWORK_SEARCH_PATHS = (
					"$(inherited)",
					"\"$(SRCROOT)/vkmessenger/Libs\"",
				);
				GCC_PRECOMPILE_PREFIX_HEADER = YES;
				GCC_PREFIX_HEADER = "Tests/Tests-Prefix.pch";
				INFOPLIST_FILE = "Tests/Tests-Info.plist";
				PRODUCT_NAME = "$(TARGET_NAME)";
				WRAPPER_EXTENSION = app;
			};
			name = Release;
		};
/* End XCBuildConfiguration section */

/* Begin XCConfigurationList section */
		B1CCF6D2150BD81200007A33 /* Build configuration list for PBXProject "vkmessenger" */ = {
			isa = XCConfigurationList;
			buildConfigurations = (
				B1CCF702150BD81300007A33 /* Debug */,
				B1CCF703150BD81300007A33 /* Release */,
			);
			defaultConfigurationIsVisible = 0;
			defaultConfigurationName = Release;
		};
		B1CCF704150BD81300007A33 /* Build configuration list for PBXNativeTarget "vkmessenger" */ = {
			isa = XCConfigurationList;
			buildConfigurations = (
				B1CCF705150BD81300007A33 /* Debug */,
				B1CCF706150BD81300007A33 /* Release */,
			);
			defaultConfigurationIsVisible = 0;
			defaultConfigurationName = Release;
		};
		B1CCF74F150BD93600007A33 /* Build configuration list for PBXNativeTarget "Tests" */ = {
			isa = XCConfigurationList;
			buildConfigurations = (
				B1CCF750150BD93600007A33 /* Debug */,
				B1CCF751150BD93600007A33 /* Release */,
			);
			defaultConfigurationIsVisible = 0;
			defaultConfigurationName = Release;
		};
/* End XCConfigurationList section */
	};
	rootObject = B1CCF6CF150BD81200007A33 /* Project object */;
}
